// !$*UTF8*$!
{
	archiveVersion = 1;
	classes = {
	};
	objectVersion = 50;
	objects = {

/* Begin PBXBuildFile section */
		360A603E23712F4B0013BA9A /* wsc.css in Resources */ = {isa = PBXBuildFile; fileRef = 360A5EEB23712F4A0013BA9A /* wsc.css */; };
		360A604123712F4B0013BA9A /* tmpFrameset.html in Resources */ = {isa = PBXBuildFile; fileRef = 360A5EEF23712F4A0013BA9A /* tmpFrameset.html */; };
		360A604223712F4B0013BA9A /* ciframe.html in Resources */ = {isa = PBXBuildFile; fileRef = 360A5EF023712F4A0013BA9A /* ciframe.html */; };
		360A604323712F4B0013BA9A /* wsc.js in Resources */ = {isa = PBXBuildFile; fileRef = 360A5EF123712F4A0013BA9A /* wsc.js */; };
		360A604423712F4B0013BA9A /* wsc_ie.js in Resources */ = {isa = PBXBuildFile; fileRef = 360A5EF223712F4A0013BA9A /* wsc_ie.js */; };
		360A604923712F4B0013BA9A /* tableselection.css in Resources */ = {isa = PBXBuildFile; fileRef = 360A5EFC23712F4A0013BA9A /* tableselection.css */; };
		360A604A23712F4B0013BA9A /* handle.png in Resources */ = {isa = PBXBuildFile; fileRef = 360A5EFF23712F4A0013BA9A /* handle.png */; };
		360A604B23712F4B0013BA9A /* common.js in Resources */ = {isa = PBXBuildFile; fileRef = 360A5F0223712F4A0013BA9A /* common.js */; };
		360A604C23712F4B0013BA9A /* tableCell.js in Resources */ = {isa = PBXBuildFile; fileRef = 360A5F0523712F4A0013BA9A /* tableCell.js */; };
		360A604E23712F4B0013BA9A /* about.js in Resources */ = {isa = PBXBuildFile; fileRef = 360A5F0B23712F4A0013BA9A /* about.js */; };
		360A605023712F4B0013BA9A /* logo_ckeditor.png in Resources */ = {isa = PBXBuildFile; fileRef = 360A5F0E23712F4A0013BA9A /* logo_ckeditor.png */; };
		360A605123712F4B0013BA9A /* default.js in Resources */ = {isa = PBXBuildFile; fileRef = 360A5F1123712F4A0013BA9A /* default.js */; };
		360A605223712F4B0013BA9A /* noimage.png in Resources */ = {isa = PBXBuildFile; fileRef = 360A5F1423712F4A0013BA9A /* noimage.png */; };
		360A605323712F4B0013BA9A /* image.js in Resources */ = {isa = PBXBuildFile; fileRef = 360A5F1623712F4A0013BA9A /* image.js */; };
		360A605523712F4B0013BA9A /* dialogDefinition.js in Resources */ = {isa = PBXBuildFile; fileRef = 360A5F1A23712F4A0013BA9A /* dialogDefinition.js */; };
		360A605823712F4B0013BA9A /* anchor.png in Resources */ = {isa = PBXBuildFile; fileRef = 360A5F2023712F4A0013BA9A /* anchor.png */; };
		360A605923712F4B0013BA9A /* link.js in Resources */ = {isa = PBXBuildFile; fileRef = 360A5F2223712F4A0013BA9A /* link.js */; };
		360A605A23712F4B0013BA9A /* anchor.js in Resources */ = {isa = PBXBuildFile; fileRef = 360A5F2323712F4A0013BA9A /* anchor.js */; };
		360A605B23712F4B0013BA9A /* table.js in Resources */ = {isa = PBXBuildFile; fileRef = 360A5F2623712F4A0013BA9A /* table.js */; };
		360A609F23712F4B0013BA9A /* specialchar.js in Resources */ = {isa = PBXBuildFile; fileRef = 360A5F6F23712F4A0013BA9A /* specialchar.js */; };
		360A60E423712F4B0013BA9A /* paste.js in Resources */ = {isa = PBXBuildFile; fileRef = 360A5FBB23712F4B0013BA9A /* paste.js */; };
		360A60E523712F4B0013BA9A /* contents.css in Resources */ = {isa = PBXBuildFile; fileRef = 360A5FBC23712F4B0013BA9A /* contents.css */; };
		360A60E623712F4B0013BA9A /* editor_iequirks.css in Resources */ = {isa = PBXBuildFile; fileRef = 360A5FBF23712F4B0013BA9A /* editor_iequirks.css */; };
		360A60E723712F4B0013BA9A /* editor.css in Resources */ = {isa = PBXBuildFile; fileRef = 360A5FC023712F4B0013BA9A /* editor.css */; };
		360A60E823712F4B0013BA9A /* lock.png in Resources */ = {isa = PBXBuildFile; fileRef = 360A5FC223712F4B0013BA9A /* lock.png */; };
		360A60E923712F4B0013BA9A /* spinner.gif in Resources */ = {isa = PBXBuildFile; fileRef = 360A5FC323712F4B0013BA9A /* spinner.gif */; };
		360A60EA23712F4B0013BA9A /* arrow.png in Resources */ = {isa = PBXBuildFile; fileRef = 360A5FC423712F4B0013BA9A /* arrow.png */; };
		360A60EB23712F4B0013BA9A /* lock-open.png in Resources */ = {isa = PBXBuildFile; fileRef = 360A5FC523712F4B0013BA9A /* lock-open.png */; };
		360A60F023712F4B0013BA9A /* refresh.png in Resources */ = {isa = PBXBuildFile; fileRef = 360A5FCB23712F4B0013BA9A /* refresh.png */; };
		360A60F123712F4B0013BA9A /* close.png in Resources */ = {isa = PBXBuildFile; fileRef = 360A5FCC23712F4B0013BA9A /* close.png */; };
		360A60F223712F4B0013BA9A /* editor_ie.css in Resources */ = {isa = PBXBuildFile; fileRef = 360A5FCD23712F4B0013BA9A /* editor_ie.css */; };
		360A60F323712F4B0013BA9A /* editor_ie8.css in Resources */ = {isa = PBXBuildFile; fileRef = 360A5FCE23712F4B0013BA9A /* editor_ie8.css */; };
		360A60F423712F4B0013BA9A /* dialog_iequirks.css in Resources */ = {isa = PBXBuildFile; fileRef = 360A5FCF23712F4B0013BA9A /* dialog_iequirks.css */; };
		360A60F523712F4B0013BA9A /* readme.md in Resources */ = {isa = PBXBuildFile; fileRef = 360A5FD023712F4B0013BA9A /* readme.md */; };
		360A60F623712F4B0013BA9A /* icons.png in Resources */ = {isa = PBXBuildFile; fileRef = 360A5FD123712F4B0013BA9A /* icons.png */; };
		360A60F723712F4B0013BA9A /* editor_gecko.css in Resources */ = {isa = PBXBuildFile; fileRef = 360A5FD223712F4B0013BA9A /* editor_gecko.css */; };
		360A60F823712F4B0013BA9A /* dialog_ie.css in Resources */ = {isa = PBXBuildFile; fileRef = 360A5FD323712F4B0013BA9A /* dialog_ie.css */; };
		360A60F923712F4B0013BA9A /* dialog.css in Resources */ = {isa = PBXBuildFile; fileRef = 360A5FD423712F4B0013BA9A /* dialog.css */; };
		360A60FA23712F4B0013BA9A /* icons_hidpi.png in Resources */ = {isa = PBXBuildFile; fileRef = 360A5FD523712F4B0013BA9A /* icons_hidpi.png */; };
		360A60FB23712F4B0013BA9A /* dialog_ie8.css in Resources */ = {isa = PBXBuildFile; fileRef = 360A5FD623712F4B0013BA9A /* dialog_ie8.css */; };
		360A60FC23712F4B0013BA9A /* config.js in Resources */ = {isa = PBXBuildFile; fileRef = 360A5FD723712F4B0013BA9A /* config.js */; };
		360A60FD23712F4B0013BA9A /* ckeditor.js in Resources */ = {isa = PBXBuildFile; fileRef = 360A5FD823712F4B0013BA9A /* ckeditor.js */; };
		360A60FE23712F4B0013BA9A /* README.md in Resources */ = {isa = PBXBuildFile; fileRef = 360A5FD923712F4B0013BA9A /* README.md */; };
		360A60FF23712F4B0013BA9A /* en.js in Resources */ = {isa = PBXBuildFile; fileRef = 360A5FDB23712F4B0013BA9A /* en.js */; };
		360A610023712F4B0013BA9A /* index.html in Resources */ = {isa = PBXBuildFile; fileRef = 360A5FDD23712F4B0013BA9A /* index.html */; };
		360A610123712F4B0013BA9A /* samples.css in Resources */ = {isa = PBXBuildFile; fileRef = 360A5FDF23712F4B0013BA9A /* samples.css */; };
		360A610223712F4B0013BA9A /* sf.js in Resources */ = {isa = PBXBuildFile; fileRef = 360A5FE123712F4B0013BA9A /* sf.js */; };
		360A610323712F4B0013BA9A /* sample.js in Resources */ = {isa = PBXBuildFile; fileRef = 360A5FE223712F4B0013BA9A /* sample.js */; };
		360A612823712F4B0013BA9A /* header-separator.png in Resources */ = {isa = PBXBuildFile; fileRef = 360A601623712F4B0013BA9A /* header-separator.png */; };
		360A612923712F4B0013BA9A /* logo.png in Resources */ = {isa = PBXBuildFile; fileRef = 360A601723712F4B0013BA9A /* logo.png */; };
		360A612A23712F4B0013BA9A /* header-bg.png in Resources */ = {isa = PBXBuildFile; fileRef = 360A601823712F4B0013BA9A /* header-bg.png */; };
		360A612B23712F4B0013BA9A /* github-top.png in Resources */ = {isa = PBXBuildFile; fileRef = 360A601923712F4B0013BA9A /* github-top.png */; };
		360A612C23712F4B0013BA9A /* logo.svg in Resources */ = {isa = PBXBuildFile; fileRef = 360A601A23712F4B0013BA9A /* logo.svg */; };
		360A612D23712F4B0013BA9A /* navigation-tip.png in Resources */ = {isa = PBXBuildFile; fileRef = 360A601B23712F4B0013BA9A /* navigation-tip.png */; };
		360A614123712F4B0013BA9A /* jquery.js in Resources */ = {isa = PBXBuildFile; fileRef = 360A603623712F4B0013BA9A /* jquery.js */; };
		360A614223712F4B0013BA9A /* CHANGES.md in Resources */ = {isa = PBXBuildFile; fileRef = 360A603723712F4B0013BA9A /* CHANGES.md */; };
		360A614323712F4B0013BA9A /* build-config.js in Resources */ = {isa = PBXBuildFile; fileRef = 360A603823712F4B0013BA9A /* build-config.js */; };
		360A614423712F4B0013BA9A /* styles.js in Resources */ = {isa = PBXBuildFile; fileRef = 360A603923712F4B0013BA9A /* styles.js */; };
		360A614523712F4B0013BA9A /* promise.js in Resources */ = {isa = PBXBuildFile; fileRef = 360A603B23712F4B0013BA9A /* promise.js */; };
		360A61532371334E0013BA9A /* scayt.css in Resources */ = {isa = PBXBuildFile; fileRef = 360A614B2371334E0013BA9A /* scayt.css */; };
		360A61552371334E0013BA9A /* toolbar.css in Resources */ = {isa = PBXBuildFile; fileRef = 360A614E2371334E0013BA9A /* toolbar.css */; };
		360A61562371334E0013BA9A /* options.js in Resources */ = {isa = PBXBuildFile; fileRef = 360A614F2371334E0013BA9A /* options.js */; };
		360A6172237136400013BA9A /* fontello.css in Resources */ = {isa = PBXBuildFile; fileRef = 360A615B237136400013BA9A /* fontello.css */; };
		360A6173237136400013BA9A /* fulltoolbareditor.js in Resources */ = {isa = PBXBuildFile; fileRef = 360A615D237136400013BA9A /* fulltoolbareditor.js */; };
		360A6174237136400013BA9A /* abstracttoolbarmodifier.js in Resources */ = {isa = PBXBuildFile; fileRef = 360A615E237136400013BA9A /* abstracttoolbarmodifier.js */; };
		360A6175237136400013BA9A /* toolbartextmodifier.js in Resources */ = {isa = PBXBuildFile; fileRef = 360A615F237136400013BA9A /* toolbartextmodifier.js */; };
		360A6176237136400013BA9A /* toolbarmodifier.js in Resources */ = {isa = PBXBuildFile; fileRef = 360A6160237136400013BA9A /* toolbarmodifier.js */; };
		360A6177237136400013BA9A /* neo.css in Resources */ = {isa = PBXBuildFile; fileRef = 360A6163237136400013BA9A /* neo.css */; };
		360A6178237136400013BA9A /* show-hint.css in Resources */ = {isa = PBXBuildFile; fileRef = 360A6164237136400013BA9A /* show-hint.css */; };
		360A6179237136400013BA9A /* codemirror.js in Resources */ = {isa = PBXBuildFile; fileRef = 360A6165237136400013BA9A /* codemirror.js */; };
		360A617A237136400013BA9A /* LICENSE in Resources */ = {isa = PBXBuildFile; fileRef = 360A6166237136400013BA9A /* LICENSE */; };
		360A617B237136400013BA9A /* codemirror.css in Resources */ = {isa = PBXBuildFile; fileRef = 360A6167237136400013BA9A /* codemirror.css */; };
		360A617C237136400013BA9A /* show-hint.js in Resources */ = {isa = PBXBuildFile; fileRef = 360A6168237136400013BA9A /* show-hint.js */; };
		360A617D237136400013BA9A /* javascript.js in Resources */ = {isa = PBXBuildFile; fileRef = 360A6169237136400013BA9A /* javascript.js */; };
		360A617E237136400013BA9A /* fontello.ttf in Resources */ = {isa = PBXBuildFile; fileRef = 360A616B237136400013BA9A /* fontello.ttf */; };
		360A617F237136400013BA9A /* fontello.woff in Resources */ = {isa = PBXBuildFile; fileRef = 360A616C237136400013BA9A /* fontello.woff */; };
		360A6180237136400013BA9A /* config.json in Resources */ = {isa = PBXBuildFile; fileRef = 360A616D237136400013BA9A /* config.json */; };
		360A6181237136400013BA9A /* fontello.eot in Resources */ = {isa = PBXBuildFile; fileRef = 360A616E237136400013BA9A /* fontello.eot */; };
		360A6182237136400013BA9A /* fontello.svg in Resources */ = {isa = PBXBuildFile; fileRef = 360A616F237136400013BA9A /* fontello.svg */; };
		360A6183237136400013BA9A /* LICENSE.txt in Resources */ = {isa = PBXBuildFile; fileRef = 360A6170237136400013BA9A /* LICENSE.txt */; };
		3619498F235EF2FB00F1C065 /* String+Ext.swift in Sources */ = {isa = PBXBuildFile; fileRef = 3619498E235EF2FB00F1C065 /* String+Ext.swift */; };
		36194992235F14DC00F1C065 /* Notification+Ext.swift in Sources */ = {isa = PBXBuildFile; fileRef = 36194991235F14DC00F1C065 /* Notification+Ext.swift */; };
		36B2208D2362F7330011ED60 /* NoteListManager.swift in Sources */ = {isa = PBXBuildFile; fileRef = 36B2208C2362F7330011ED60 /* NoteListManager.swift */; };
		36B2208F23681B020011ED60 /* NoteListEmptyView.xib in Resources */ = {isa = PBXBuildFile; fileRef = 36B2208E23681B020011ED60 /* NoteListEmptyView.xib */; };
		36B22093236825360011ED60 /* NoteListEmptyView.swift in Sources */ = {isa = PBXBuildFile; fileRef = 36B22092236825360011ED60 /* NoteListEmptyView.swift */; };
		60B22DAF23572BC40049B235 /* NoteListViewController.swift in Sources */ = {isa = PBXBuildFile; fileRef = 60B22DAE23572BC40049B235 /* NoteListViewController.swift */; };
		60B22DB323596BC80049B235 /* NoteListTableViewCell.swift in Sources */ = {isa = PBXBuildFile; fileRef = 60B22DB223596BC80049B235 /* NoteListTableViewCell.swift */; };
		60B22DB6235974620049B235 /* TakingNoteData.xcdatamodeld in Sources */ = {isa = PBXBuildFile; fileRef = 60B22DB4235974620049B235 /* TakingNoteData.xcdatamodeld */; };
		60B22DB8235977F60049B235 /* Date+Ext.swift in Sources */ = {isa = PBXBuildFile; fileRef = 60B22DB7235977F60049B235 /* Date+Ext.swift */; };
		60B22DBB2359A9380049B235 /* NoteTakingDateHelper.swift in Sources */ = {isa = PBXBuildFile; fileRef = 60B22DBA2359A9380049B235 /* NoteTakingDateHelper.swift */; };
		60B22DBF235C74290049B235 /* NoteTakingStorage.swift in Sources */ = {isa = PBXBuildFile; fileRef = 60B22DBE235C74290049B235 /* NoteTakingStorage.swift */; };
		60B22DC3235C7F010049B235 /* NoteTakingCoreDataHelper.swift in Sources */ = {isa = PBXBuildFile; fileRef = 60B22DC2235C7F010049B235 /* NoteTakingCoreDataHelper.swift */; };
		60B809B82350259F006F815F /* AppDelegate.swift in Sources */ = {isa = PBXBuildFile; fileRef = 60B809B72350259F006F815F /* AppDelegate.swift */; };
		60B809BA2350259F006F815F /* SceneDelegate.swift in Sources */ = {isa = PBXBuildFile; fileRef = 60B809B92350259F006F815F /* SceneDelegate.swift */; };
		60B809BC2350259F006F815F /* EditNoteViewController.swift in Sources */ = {isa = PBXBuildFile; fileRef = 60B809BB2350259F006F815F /* EditNoteViewController.swift */; };
		60B809BF2350259F006F815F /* Main.storyboard in Resources */ = {isa = PBXBuildFile; fileRef = 60B809BD2350259F006F815F /* Main.storyboard */; };
		60B809C1235025A1006F815F /* Assets.xcassets in Resources */ = {isa = PBXBuildFile; fileRef = 60B809C0235025A1006F815F /* Assets.xcassets */; };
		60B855DE235067F6006F815F /* Note.swift in Sources */ = {isa = PBXBuildFile; fileRef = 60B855DD235067F6006F815F /* Note.swift */; };
/* End PBXBuildFile section */

/* Begin PBXFileReference section */
		360A5EEB23712F4A0013BA9A /* wsc.css */ = {isa = PBXFileReference; fileEncoding = 4; lastKnownFileType = text.css; path = wsc.css; sourceTree = "<group>"; };
		360A5EEF23712F4A0013BA9A /* tmpFrameset.html */ = {isa = PBXFileReference; fileEncoding = 4; lastKnownFileType = text.html; path = tmpFrameset.html; sourceTree = "<group>"; };
		360A5EF023712F4A0013BA9A /* ciframe.html */ = {isa = PBXFileReference; fileEncoding = 4; lastKnownFileType = text.html; path = ciframe.html; sourceTree = "<group>"; };
		360A5EF123712F4A0013BA9A /* wsc.js */ = {isa = PBXFileReference; fileEncoding = 4; lastKnownFileType = sourcecode.javascript; path = wsc.js; sourceTree = "<group>"; };
		360A5EF223712F4A0013BA9A /* wsc_ie.js */ = {isa = PBXFileReference; fileEncoding = 4; lastKnownFileType = sourcecode.javascript; path = wsc_ie.js; sourceTree = "<group>"; };
		360A5EFC23712F4A0013BA9A /* tableselection.css */ = {isa = PBXFileReference; fileEncoding = 4; lastKnownFileType = text.css; path = tableselection.css; sourceTree = "<group>"; };
		360A5EFF23712F4A0013BA9A /* handle.png */ = {isa = PBXFileReference; lastKnownFileType = image.png; path = handle.png; sourceTree = "<group>"; };
		360A5F0223712F4A0013BA9A /* common.js */ = {isa = PBXFileReference; fileEncoding = 4; lastKnownFileType = sourcecode.javascript; path = common.js; sourceTree = "<group>"; };
		360A5F0523712F4A0013BA9A /* tableCell.js */ = {isa = PBXFileReference; fileEncoding = 4; lastKnownFileType = sourcecode.javascript; path = tableCell.js; sourceTree = "<group>"; };
		360A5F0B23712F4A0013BA9A /* about.js */ = {isa = PBXFileReference; fileEncoding = 4; lastKnownFileType = sourcecode.javascript; path = about.js; sourceTree = "<group>"; };
		360A5F0E23712F4A0013BA9A /* logo_ckeditor.png */ = {isa = PBXFileReference; lastKnownFileType = image.png; path = logo_ckeditor.png; sourceTree = "<group>"; };
		360A5F1123712F4A0013BA9A /* default.js */ = {isa = PBXFileReference; fileEncoding = 4; lastKnownFileType = sourcecode.javascript; path = default.js; sourceTree = "<group>"; };
		360A5F1423712F4A0013BA9A /* noimage.png */ = {isa = PBXFileReference; lastKnownFileType = image.png; path = noimage.png; sourceTree = "<group>"; };
		360A5F1623712F4A0013BA9A /* image.js */ = {isa = PBXFileReference; fileEncoding = 4; lastKnownFileType = sourcecode.javascript; path = image.js; sourceTree = "<group>"; };
		360A5F1A23712F4A0013BA9A /* dialogDefinition.js */ = {isa = PBXFileReference; fileEncoding = 4; lastKnownFileType = sourcecode.javascript; path = dialogDefinition.js; sourceTree = "<group>"; };
		360A5F2023712F4A0013BA9A /* anchor.png */ = {isa = PBXFileReference; lastKnownFileType = image.png; path = anchor.png; sourceTree = "<group>"; };
		360A5F2223712F4A0013BA9A /* link.js */ = {isa = PBXFileReference; fileEncoding = 4; lastKnownFileType = sourcecode.javascript; path = link.js; sourceTree = "<group>"; };
		360A5F2323712F4A0013BA9A /* anchor.js */ = {isa = PBXFileReference; fileEncoding = 4; lastKnownFileType = sourcecode.javascript; path = anchor.js; sourceTree = "<group>"; };
		360A5F2623712F4A0013BA9A /* table.js */ = {isa = PBXFileReference; fileEncoding = 4; lastKnownFileType = sourcecode.javascript; path = table.js; sourceTree = "<group>"; };
		360A5F6F23712F4A0013BA9A /* specialchar.js */ = {isa = PBXFileReference; fileEncoding = 4; lastKnownFileType = sourcecode.javascript; path = specialchar.js; sourceTree = "<group>"; };
		360A5FBB23712F4B0013BA9A /* paste.js */ = {isa = PBXFileReference; fileEncoding = 4; lastKnownFileType = sourcecode.javascript; path = paste.js; sourceTree = "<group>"; };
		360A5FBC23712F4B0013BA9A /* contents.css */ = {isa = PBXFileReference; fileEncoding = 4; lastKnownFileType = text.css; path = contents.css; sourceTree = "<group>"; };
		360A5FBF23712F4B0013BA9A /* editor_iequirks.css */ = {isa = PBXFileReference; fileEncoding = 4; lastKnownFileType = text.css; path = editor_iequirks.css; sourceTree = "<group>"; };
		360A5FC023712F4B0013BA9A /* editor.css */ = {isa = PBXFileReference; fileEncoding = 4; lastKnownFileType = text.css; path = editor.css; sourceTree = "<group>"; };
		360A5FC223712F4B0013BA9A /* lock.png */ = {isa = PBXFileReference; lastKnownFileType = image.png; path = lock.png; sourceTree = "<group>"; };
		360A5FC323712F4B0013BA9A /* spinner.gif */ = {isa = PBXFileReference; lastKnownFileType = image.gif; path = spinner.gif; sourceTree = "<group>"; };
		360A5FC423712F4B0013BA9A /* arrow.png */ = {isa = PBXFileReference; lastKnownFileType = image.png; path = arrow.png; sourceTree = "<group>"; };
		360A5FC523712F4B0013BA9A /* lock-open.png */ = {isa = PBXFileReference; lastKnownFileType = image.png; path = "lock-open.png"; sourceTree = "<group>"; };
		360A5FCB23712F4B0013BA9A /* refresh.png */ = {isa = PBXFileReference; lastKnownFileType = image.png; path = refresh.png; sourceTree = "<group>"; };
		360A5FCC23712F4B0013BA9A /* close.png */ = {isa = PBXFileReference; lastKnownFileType = image.png; path = close.png; sourceTree = "<group>"; };
		360A5FCD23712F4B0013BA9A /* editor_ie.css */ = {isa = PBXFileReference; fileEncoding = 4; lastKnownFileType = text.css; path = editor_ie.css; sourceTree = "<group>"; };
		360A5FCE23712F4B0013BA9A /* editor_ie8.css */ = {isa = PBXFileReference; fileEncoding = 4; lastKnownFileType = text.css; path = editor_ie8.css; sourceTree = "<group>"; };
		360A5FCF23712F4B0013BA9A /* dialog_iequirks.css */ = {isa = PBXFileReference; fileEncoding = 4; lastKnownFileType = text.css; path = dialog_iequirks.css; sourceTree = "<group>"; };
		360A5FD023712F4B0013BA9A /* readme.md */ = {isa = PBXFileReference; fileEncoding = 4; lastKnownFileType = net.daringfireball.markdown; path = readme.md; sourceTree = "<group>"; };
		360A5FD123712F4B0013BA9A /* icons.png */ = {isa = PBXFileReference; lastKnownFileType = image.png; path = icons.png; sourceTree = "<group>"; };
		360A5FD223712F4B0013BA9A /* editor_gecko.css */ = {isa = PBXFileReference; fileEncoding = 4; lastKnownFileType = text.css; path = editor_gecko.css; sourceTree = "<group>"; };
		360A5FD323712F4B0013BA9A /* dialog_ie.css */ = {isa = PBXFileReference; fileEncoding = 4; lastKnownFileType = text.css; path = dialog_ie.css; sourceTree = "<group>"; };
		360A5FD423712F4B0013BA9A /* dialog.css */ = {isa = PBXFileReference; fileEncoding = 4; lastKnownFileType = text.css; path = dialog.css; sourceTree = "<group>"; };
		360A5FD523712F4B0013BA9A /* icons_hidpi.png */ = {isa = PBXFileReference; lastKnownFileType = image.png; path = icons_hidpi.png; sourceTree = "<group>"; };
		360A5FD623712F4B0013BA9A /* dialog_ie8.css */ = {isa = PBXFileReference; fileEncoding = 4; lastKnownFileType = text.css; path = dialog_ie8.css; sourceTree = "<group>"; };
		360A5FD723712F4B0013BA9A /* config.js */ = {isa = PBXFileReference; fileEncoding = 4; lastKnownFileType = sourcecode.javascript; path = config.js; sourceTree = "<group>"; };
		360A5FD823712F4B0013BA9A /* ckeditor.js */ = {isa = PBXFileReference; fileEncoding = 4; lastKnownFileType = sourcecode.javascript; path = ckeditor.js; sourceTree = "<group>"; };
		360A5FD923712F4B0013BA9A /* README.md */ = {isa = PBXFileReference; fileEncoding = 4; lastKnownFileType = net.daringfireball.markdown; path = README.md; sourceTree = "<group>"; };
		360A5FDB23712F4B0013BA9A /* en.js */ = {isa = PBXFileReference; fileEncoding = 4; lastKnownFileType = sourcecode.javascript; path = en.js; sourceTree = "<group>"; };
		360A5FDD23712F4B0013BA9A /* index.html */ = {isa = PBXFileReference; fileEncoding = 4; lastKnownFileType = text.html; path = index.html; sourceTree = "<group>"; };
		360A5FDF23712F4B0013BA9A /* samples.css */ = {isa = PBXFileReference; fileEncoding = 4; lastKnownFileType = text.css; path = samples.css; sourceTree = "<group>"; };
		360A5FE123712F4B0013BA9A /* sf.js */ = {isa = PBXFileReference; fileEncoding = 4; lastKnownFileType = sourcecode.javascript; path = sf.js; sourceTree = "<group>"; };
		360A5FE223712F4B0013BA9A /* sample.js */ = {isa = PBXFileReference; fileEncoding = 4; lastKnownFileType = sourcecode.javascript; path = sample.js; sourceTree = "<group>"; };
		360A601623712F4B0013BA9A /* header-separator.png */ = {isa = PBXFileReference; lastKnownFileType = image.png; path = "header-separator.png"; sourceTree = "<group>"; };
		360A601723712F4B0013BA9A /* logo.png */ = {isa = PBXFileReference; lastKnownFileType = image.png; path = logo.png; sourceTree = "<group>"; };
		360A601823712F4B0013BA9A /* header-bg.png */ = {isa = PBXFileReference; lastKnownFileType = image.png; path = "header-bg.png"; sourceTree = "<group>"; };
		360A601923712F4B0013BA9A /* github-top.png */ = {isa = PBXFileReference; lastKnownFileType = image.png; path = "github-top.png"; sourceTree = "<group>"; };
		360A601A23712F4B0013BA9A /* logo.svg */ = {isa = PBXFileReference; fileEncoding = 4; lastKnownFileType = text.xml; path = logo.svg; sourceTree = "<group>"; };
		360A601B23712F4B0013BA9A /* navigation-tip.png */ = {isa = PBXFileReference; lastKnownFileType = image.png; path = "navigation-tip.png"; sourceTree = "<group>"; };
		360A603623712F4B0013BA9A /* jquery.js */ = {isa = PBXFileReference; fileEncoding = 4; lastKnownFileType = sourcecode.javascript; path = jquery.js; sourceTree = "<group>"; };
		360A603723712F4B0013BA9A /* CHANGES.md */ = {isa = PBXFileReference; fileEncoding = 4; lastKnownFileType = net.daringfireball.markdown; path = CHANGES.md; sourceTree = "<group>"; };
		360A603823712F4B0013BA9A /* build-config.js */ = {isa = PBXFileReference; fileEncoding = 4; lastKnownFileType = sourcecode.javascript; path = "build-config.js"; sourceTree = "<group>"; };
		360A603923712F4B0013BA9A /* styles.js */ = {isa = PBXFileReference; fileEncoding = 4; lastKnownFileType = sourcecode.javascript; path = styles.js; sourceTree = "<group>"; };
		360A603B23712F4B0013BA9A /* promise.js */ = {isa = PBXFileReference; fileEncoding = 4; lastKnownFileType = sourcecode.javascript; path = promise.js; sourceTree = "<group>"; };
		360A614B2371334E0013BA9A /* scayt.css */ = {isa = PBXFileReference; fileEncoding = 4; lastKnownFileType = text.css; path = scayt.css; sourceTree = "<group>"; };
		360A614E2371334E0013BA9A /* toolbar.css */ = {isa = PBXFileReference; fileEncoding = 4; lastKnownFileType = text.css; path = toolbar.css; sourceTree = "<group>"; };
		360A614F2371334E0013BA9A /* options.js */ = {isa = PBXFileReference; fileEncoding = 4; lastKnownFileType = sourcecode.javascript; path = options.js; sourceTree = "<group>"; };
		360A615B237136400013BA9A /* fontello.css */ = {isa = PBXFileReference; fileEncoding = 4; lastKnownFileType = text.css; path = fontello.css; sourceTree = "<group>"; };
		360A615D237136400013BA9A /* fulltoolbareditor.js */ = {isa = PBXFileReference; fileEncoding = 4; lastKnownFileType = sourcecode.javascript; path = fulltoolbareditor.js; sourceTree = "<group>"; };
		360A615E237136400013BA9A /* abstracttoolbarmodifier.js */ = {isa = PBXFileReference; fileEncoding = 4; lastKnownFileType = sourcecode.javascript; path = abstracttoolbarmodifier.js; sourceTree = "<group>"; };
		360A615F237136400013BA9A /* toolbartextmodifier.js */ = {isa = PBXFileReference; fileEncoding = 4; lastKnownFileType = sourcecode.javascript; path = toolbartextmodifier.js; sourceTree = "<group>"; };
		360A6160237136400013BA9A /* toolbarmodifier.js */ = {isa = PBXFileReference; fileEncoding = 4; lastKnownFileType = sourcecode.javascript; path = toolbarmodifier.js; sourceTree = "<group>"; };
		360A6163237136400013BA9A /* neo.css */ = {isa = PBXFileReference; fileEncoding = 4; lastKnownFileType = text.css; path = neo.css; sourceTree = "<group>"; };
		360A6164237136400013BA9A /* show-hint.css */ = {isa = PBXFileReference; fileEncoding = 4; lastKnownFileType = text.css; path = "show-hint.css"; sourceTree = "<group>"; };
		360A6165237136400013BA9A /* codemirror.js */ = {isa = PBXFileReference; fileEncoding = 4; lastKnownFileType = sourcecode.javascript; path = codemirror.js; sourceTree = "<group>"; };
		360A6166237136400013BA9A /* LICENSE */ = {isa = PBXFileReference; fileEncoding = 4; lastKnownFileType = text; path = LICENSE; sourceTree = "<group>"; };
		360A6167237136400013BA9A /* codemirror.css */ = {isa = PBXFileReference; fileEncoding = 4; lastKnownFileType = text.css; path = codemirror.css; sourceTree = "<group>"; };
		360A6168237136400013BA9A /* show-hint.js */ = {isa = PBXFileReference; fileEncoding = 4; lastKnownFileType = sourcecode.javascript; path = "show-hint.js"; sourceTree = "<group>"; };
		360A6169237136400013BA9A /* javascript.js */ = {isa = PBXFileReference; fileEncoding = 4; lastKnownFileType = sourcecode.javascript; path = javascript.js; sourceTree = "<group>"; };
		360A616B237136400013BA9A /* fontello.ttf */ = {isa = PBXFileReference; lastKnownFileType = file; path = fontello.ttf; sourceTree = "<group>"; };
		360A616C237136400013BA9A /* fontello.woff */ = {isa = PBXFileReference; lastKnownFileType = file; path = fontello.woff; sourceTree = "<group>"; };
		360A616D237136400013BA9A /* config.json */ = {isa = PBXFileReference; fileEncoding = 4; lastKnownFileType = text.json; path = config.json; sourceTree = "<group>"; };
		360A616E237136400013BA9A /* fontello.eot */ = {isa = PBXFileReference; lastKnownFileType = file; path = fontello.eot; sourceTree = "<group>"; };
		360A616F237136400013BA9A /* fontello.svg */ = {isa = PBXFileReference; fileEncoding = 4; lastKnownFileType = text.xml; path = fontello.svg; sourceTree = "<group>"; };
		360A6170237136400013BA9A /* LICENSE.txt */ = {isa = PBXFileReference; fileEncoding = 4; lastKnownFileType = text; path = LICENSE.txt; sourceTree = "<group>"; };
		3619498E235EF2FB00F1C065 /* String+Ext.swift */ = {isa = PBXFileReference; lastKnownFileType = sourcecode.swift; path = "String+Ext.swift"; sourceTree = "<group>"; };
		36194991235F14DC00F1C065 /* Notification+Ext.swift */ = {isa = PBXFileReference; lastKnownFileType = sourcecode.swift; path = "Notification+Ext.swift"; sourceTree = "<group>"; };
		36B2208C2362F7330011ED60 /* NoteListManager.swift */ = {isa = PBXFileReference; lastKnownFileType = sourcecode.swift; path = NoteListManager.swift; sourceTree = "<group>"; };
		36B2208E23681B020011ED60 /* NoteListEmptyView.xib */ = {isa = PBXFileReference; lastKnownFileType = file.xib; path = NoteListEmptyView.xib; sourceTree = "<group>"; };
		36B22092236825360011ED60 /* NoteListEmptyView.swift */ = {isa = PBXFileReference; lastKnownFileType = sourcecode.swift; path = NoteListEmptyView.swift; sourceTree = "<group>"; };
		60B22DAE23572BC40049B235 /* NoteListViewController.swift */ = {isa = PBXFileReference; lastKnownFileType = sourcecode.swift; path = NoteListViewController.swift; sourceTree = "<group>"; };
		60B22DB223596BC80049B235 /* NoteListTableViewCell.swift */ = {isa = PBXFileReference; lastKnownFileType = sourcecode.swift; path = NoteListTableViewCell.swift; sourceTree = "<group>"; };
		60B22DB5235974620049B235 /* TakingNoteData.xcdatamodel */ = {isa = PBXFileReference; lastKnownFileType = wrapper.xcdatamodel; path = TakingNoteData.xcdatamodel; sourceTree = "<group>"; };
		60B22DB7235977F60049B235 /* Date+Ext.swift */ = {isa = PBXFileReference; lastKnownFileType = sourcecode.swift; path = "Date+Ext.swift"; sourceTree = "<group>"; };
		60B22DBA2359A9380049B235 /* NoteTakingDateHelper.swift */ = {isa = PBXFileReference; lastKnownFileType = sourcecode.swift; path = NoteTakingDateHelper.swift; sourceTree = "<group>"; };
		60B22DBE235C74290049B235 /* NoteTakingStorage.swift */ = {isa = PBXFileReference; lastKnownFileType = sourcecode.swift; path = NoteTakingStorage.swift; sourceTree = "<group>"; };
		60B22DC2235C7F010049B235 /* NoteTakingCoreDataHelper.swift */ = {isa = PBXFileReference; lastKnownFileType = sourcecode.swift; path = NoteTakingCoreDataHelper.swift; sourceTree = "<group>"; };
		60B809B42350259F006F815F /* Note Taking.app */ = {isa = PBXFileReference; explicitFileType = wrapper.application; includeInIndex = 0; path = "Note Taking.app"; sourceTree = BUILT_PRODUCTS_DIR; };
		60B809B72350259F006F815F /* AppDelegate.swift */ = {isa = PBXFileReference; lastKnownFileType = sourcecode.swift; path = AppDelegate.swift; sourceTree = "<group>"; };
		60B809B92350259F006F815F /* SceneDelegate.swift */ = {isa = PBXFileReference; lastKnownFileType = sourcecode.swift; path = SceneDelegate.swift; sourceTree = "<group>"; };
		60B809BB2350259F006F815F /* EditNoteViewController.swift */ = {isa = PBXFileReference; lastKnownFileType = sourcecode.swift; path = EditNoteViewController.swift; sourceTree = "<group>"; };
		60B809BE2350259F006F815F /* Base */ = {isa = PBXFileReference; lastKnownFileType = file.storyboard; name = Base; path = Base.lproj/Main.storyboard; sourceTree = "<group>"; };
		60B809C0235025A1006F815F /* Assets.xcassets */ = {isa = PBXFileReference; lastKnownFileType = folder.assetcatalog; path = Assets.xcassets; sourceTree = "<group>"; };
		60B809C5235025A1006F815F /* Info.plist */ = {isa = PBXFileReference; lastKnownFileType = text.plist.xml; path = Info.plist; sourceTree = "<group>"; };
		60B855DD235067F6006F815F /* Note.swift */ = {isa = PBXFileReference; lastKnownFileType = sourcecode.swift; path = Note.swift; sourceTree = "<group>"; };
/* End PBXFileReference section */

/* Begin PBXFrameworksBuildPhase section */
		60B809B12350259F006F815F /* Frameworks */ = {
			isa = PBXFrameworksBuildPhase;
			buildActionMask = 2147483647;
			files = (
			);
			runOnlyForDeploymentPostprocessing = 0;
		};
/* End PBXFrameworksBuildPhase section */

/* Begin PBXGroup section */
		360A5EE423712F4A0013BA9A /* ckeditor4 */ = {
			isa = PBXGroup;
			children = (
				360A5EE623712F4A0013BA9A /* plugins */,
				360A5FBC23712F4B0013BA9A /* contents.css */,
				360A5FBD23712F4B0013BA9A /* skins */,
				360A5FD723712F4B0013BA9A /* config.js */,
				360A5FD823712F4B0013BA9A /* ckeditor.js */,
				360A5FD923712F4B0013BA9A /* README.md */,
				360A5FDA23712F4B0013BA9A /* lang */,
				360A5FDC23712F4B0013BA9A /* samples */,
				360A603523712F4B0013BA9A /* adapters */,
				360A603723712F4B0013BA9A /* CHANGES.md */,
				360A603823712F4B0013BA9A /* build-config.js */,
				360A603923712F4B0013BA9A /* styles.js */,
				360A603A23712F4B0013BA9A /* vendor */,
			);
			path = ckeditor4;
			sourceTree = "<group>";
		};
		360A5EE623712F4A0013BA9A /* plugins */ = {
			isa = PBXGroup;
			children = (
				360A61462371334E0013BA9A /* scayt */,
				360A5EE723712F4A0013BA9A /* wsc */,
				360A5EFA23712F4A0013BA9A /* tableselection */,
				360A5EFD23712F4A0013BA9A /* widget */,
				360A5F0023712F4A0013BA9A /* pastetools */,
				360A5F0323712F4A0013BA9A /* tabletools */,
				360A5F0923712F4A0013BA9A /* about */,
				360A5F0F23712F4A0013BA9A /* pastefromgdocs */,
				360A5F1223712F4A0013BA9A /* image */,
				360A5F1723712F4A0013BA9A /* dialog */,
				360A5F1C23712F4A0013BA9A /* link */,
				360A5F2423712F4A0013BA9A /* table */,
				360A5F6D23712F4A0013BA9A /* specialchar */,
				360A5FB923712F4B0013BA9A /* clipboard */,
			);
			path = plugins;
			sourceTree = "<group>";
		};
		360A5EE723712F4A0013BA9A /* wsc */ = {
			isa = PBXGroup;
			children = (
				360A5EE923712F4A0013BA9A /* skins */,
				360A5EED23712F4A0013BA9A /* dialogs */,
			);
			path = wsc;
			sourceTree = "<group>";
		};
		360A5EE923712F4A0013BA9A /* skins */ = {
			isa = PBXGroup;
			children = (
				360A5EEA23712F4A0013BA9A /* moono-lisa */,
			);
			path = skins;
			sourceTree = "<group>";
		};
		360A5EEA23712F4A0013BA9A /* moono-lisa */ = {
			isa = PBXGroup;
			children = (
				360A5EEB23712F4A0013BA9A /* wsc.css */,
			);
			path = "moono-lisa";
			sourceTree = "<group>";
		};
		360A5EED23712F4A0013BA9A /* dialogs */ = {
			isa = PBXGroup;
			children = (
				360A5EEF23712F4A0013BA9A /* tmpFrameset.html */,
				360A5EF023712F4A0013BA9A /* ciframe.html */,
				360A5EF123712F4A0013BA9A /* wsc.js */,
				360A5EF223712F4A0013BA9A /* wsc_ie.js */,
			);
			path = dialogs;
			sourceTree = "<group>";
		};
		360A5EFA23712F4A0013BA9A /* tableselection */ = {
			isa = PBXGroup;
			children = (
				360A5EFB23712F4A0013BA9A /* styles */,
			);
			path = tableselection;
			sourceTree = "<group>";
		};
		360A5EFB23712F4A0013BA9A /* styles */ = {
			isa = PBXGroup;
			children = (
				360A5EFC23712F4A0013BA9A /* tableselection.css */,
			);
			path = styles;
			sourceTree = "<group>";
		};
		360A5EFD23712F4A0013BA9A /* widget */ = {
			isa = PBXGroup;
			children = (
				360A5EFE23712F4A0013BA9A /* images */,
			);
			path = widget;
			sourceTree = "<group>";
		};
		360A5EFE23712F4A0013BA9A /* images */ = {
			isa = PBXGroup;
			children = (
				360A5EFF23712F4A0013BA9A /* handle.png */,
			);
			path = images;
			sourceTree = "<group>";
		};
		360A5F0023712F4A0013BA9A /* pastetools */ = {
			isa = PBXGroup;
			children = (
				360A5F0123712F4A0013BA9A /* filter */,
			);
			path = pastetools;
			sourceTree = "<group>";
		};
		360A5F0123712F4A0013BA9A /* filter */ = {
			isa = PBXGroup;
			children = (
				360A5F0223712F4A0013BA9A /* common.js */,
			);
			path = filter;
			sourceTree = "<group>";
		};
		360A5F0323712F4A0013BA9A /* tabletools */ = {
			isa = PBXGroup;
			children = (
				360A5F0423712F4A0013BA9A /* dialogs */,
			);
			path = tabletools;
			sourceTree = "<group>";
		};
		360A5F0423712F4A0013BA9A /* dialogs */ = {
			isa = PBXGroup;
			children = (
				360A5F0523712F4A0013BA9A /* tableCell.js */,
			);
			path = dialogs;
			sourceTree = "<group>";
		};
		360A5F0923712F4A0013BA9A /* about */ = {
			isa = PBXGroup;
			children = (
				360A5F0A23712F4A0013BA9A /* dialogs */,
			);
			path = about;
			sourceTree = "<group>";
		};
		360A5F0A23712F4A0013BA9A /* dialogs */ = {
			isa = PBXGroup;
			children = (
				360A5F0B23712F4A0013BA9A /* about.js */,
				360A5F0E23712F4A0013BA9A /* logo_ckeditor.png */,
			);
			path = dialogs;
			sourceTree = "<group>";
		};
		360A5F0F23712F4A0013BA9A /* pastefromgdocs */ = {
			isa = PBXGroup;
			children = (
				360A5F1023712F4A0013BA9A /* filter */,
			);
			path = pastefromgdocs;
			sourceTree = "<group>";
		};
		360A5F1023712F4A0013BA9A /* filter */ = {
			isa = PBXGroup;
			children = (
				360A5F1123712F4A0013BA9A /* default.js */,
			);
			path = filter;
			sourceTree = "<group>";
		};
		360A5F1223712F4A0013BA9A /* image */ = {
			isa = PBXGroup;
			children = (
				360A5F1323712F4A0013BA9A /* images */,
				360A5F1523712F4A0013BA9A /* dialogs */,
			);
			path = image;
			sourceTree = "<group>";
		};
		360A5F1323712F4A0013BA9A /* images */ = {
			isa = PBXGroup;
			children = (
				360A5F1423712F4A0013BA9A /* noimage.png */,
			);
			path = images;
			sourceTree = "<group>";
		};
		360A5F1523712F4A0013BA9A /* dialogs */ = {
			isa = PBXGroup;
			children = (
				360A5F1623712F4A0013BA9A /* image.js */,
			);
			path = dialogs;
			sourceTree = "<group>";
		};
		360A5F1723712F4A0013BA9A /* dialog */ = {
			isa = PBXGroup;
			children = (
				360A5F1A23712F4A0013BA9A /* dialogDefinition.js */,
			);
			path = dialog;
			sourceTree = "<group>";
		};
		360A5F1C23712F4A0013BA9A /* link */ = {
			isa = PBXGroup;
			children = (
				360A5F1D23712F4A0013BA9A /* images */,
				360A5F2123712F4A0013BA9A /* dialogs */,
			);
			path = link;
			sourceTree = "<group>";
		};
		360A5F1D23712F4A0013BA9A /* images */ = {
			isa = PBXGroup;
			children = (
				360A5F2023712F4A0013BA9A /* anchor.png */,
			);
			path = images;
			sourceTree = "<group>";
		};
		360A5F2123712F4A0013BA9A /* dialogs */ = {
			isa = PBXGroup;
			children = (
				360A5F2223712F4A0013BA9A /* link.js */,
				360A5F2323712F4A0013BA9A /* anchor.js */,
			);
			path = dialogs;
			sourceTree = "<group>";
		};
		360A5F2423712F4A0013BA9A /* table */ = {
			isa = PBXGroup;
			children = (
				360A5F2523712F4A0013BA9A /* dialogs */,
			);
			path = table;
			sourceTree = "<group>";
		};
		360A5F2523712F4A0013BA9A /* dialogs */ = {
			isa = PBXGroup;
			children = (
				360A5F2623712F4A0013BA9A /* table.js */,
			);
			path = dialogs;
			sourceTree = "<group>";
		};
		360A5F6D23712F4A0013BA9A /* specialchar */ = {
			isa = PBXGroup;
			children = (
				360A5F6E23712F4A0013BA9A /* dialogs */,
			);
			path = specialchar;
			sourceTree = "<group>";
		};
		360A5F6E23712F4A0013BA9A /* dialogs */ = {
			isa = PBXGroup;
			children = (
				360A5F6F23712F4A0013BA9A /* specialchar.js */,
			);
			path = dialogs;
			sourceTree = "<group>";
		};
		360A5FB923712F4B0013BA9A /* clipboard */ = {
			isa = PBXGroup;
			children = (
				360A5FBA23712F4B0013BA9A /* dialogs */,
			);
			path = clipboard;
			sourceTree = "<group>";
		};
		360A5FBA23712F4B0013BA9A /* dialogs */ = {
			isa = PBXGroup;
			children = (
				360A5FBB23712F4B0013BA9A /* paste.js */,
			);
			path = dialogs;
			sourceTree = "<group>";
		};
		360A5FBD23712F4B0013BA9A /* skins */ = {
			isa = PBXGroup;
			children = (
				360A5FBE23712F4B0013BA9A /* moono-lisa */,
			);
			path = skins;
			sourceTree = "<group>";
		};
		360A5FBE23712F4B0013BA9A /* moono-lisa */ = {
			isa = PBXGroup;
			children = (
				360A5FBF23712F4B0013BA9A /* editor_iequirks.css */,
				360A5FC023712F4B0013BA9A /* editor.css */,
				360A5FC123712F4B0013BA9A /* images */,
				360A5FCD23712F4B0013BA9A /* editor_ie.css */,
				360A5FCE23712F4B0013BA9A /* editor_ie8.css */,
				360A5FCF23712F4B0013BA9A /* dialog_iequirks.css */,
				360A5FD023712F4B0013BA9A /* readme.md */,
				360A5FD123712F4B0013BA9A /* icons.png */,
				360A5FD223712F4B0013BA9A /* editor_gecko.css */,
				360A5FD323712F4B0013BA9A /* dialog_ie.css */,
				360A5FD423712F4B0013BA9A /* dialog.css */,
				360A5FD523712F4B0013BA9A /* icons_hidpi.png */,
				360A5FD623712F4B0013BA9A /* dialog_ie8.css */,
			);
			path = "moono-lisa";
			sourceTree = "<group>";
		};
		360A5FC123712F4B0013BA9A /* images */ = {
			isa = PBXGroup;
			children = (
				360A5FC223712F4B0013BA9A /* lock.png */,
				360A5FC323712F4B0013BA9A /* spinner.gif */,
				360A5FC423712F4B0013BA9A /* arrow.png */,
				360A5FC523712F4B0013BA9A /* lock-open.png */,
				360A5FCB23712F4B0013BA9A /* refresh.png */,
				360A5FCC23712F4B0013BA9A /* close.png */,
			);
			path = images;
			sourceTree = "<group>";
		};
		360A5FDA23712F4B0013BA9A /* lang */ = {
			isa = PBXGroup;
			children = (
				360A5FDB23712F4B0013BA9A /* en.js */,
			);
			path = lang;
			sourceTree = "<group>";
		};
		360A5FDC23712F4B0013BA9A /* samples */ = {
			isa = PBXGroup;
			children = (
				360A6158237136400013BA9A /* toolbarconfigurator */,
				360A5FDD23712F4B0013BA9A /* index.html */,
				360A5FDE23712F4B0013BA9A /* css */,
				360A5FE023712F4B0013BA9A /* js */,
				360A601523712F4B0013BA9A /* img */,
			);
			path = samples;
			sourceTree = "<group>";
		};
		360A5FDE23712F4B0013BA9A /* css */ = {
			isa = PBXGroup;
			children = (
				360A5FDF23712F4B0013BA9A /* samples.css */,
			);
			path = css;
			sourceTree = "<group>";
		};
		360A5FE023712F4B0013BA9A /* js */ = {
			isa = PBXGroup;
			children = (
				360A5FE123712F4B0013BA9A /* sf.js */,
				360A5FE223712F4B0013BA9A /* sample.js */,
			);
			path = js;
			sourceTree = "<group>";
		};
		360A601523712F4B0013BA9A /* img */ = {
			isa = PBXGroup;
			children = (
				360A601623712F4B0013BA9A /* header-separator.png */,
				360A601723712F4B0013BA9A /* logo.png */,
				360A601823712F4B0013BA9A /* header-bg.png */,
				360A601923712F4B0013BA9A /* github-top.png */,
				360A601A23712F4B0013BA9A /* logo.svg */,
				360A601B23712F4B0013BA9A /* navigation-tip.png */,
			);
			path = img;
			sourceTree = "<group>";
		};
		360A603523712F4B0013BA9A /* adapters */ = {
			isa = PBXGroup;
			children = (
				360A603623712F4B0013BA9A /* jquery.js */,
			);
			path = adapters;
			sourceTree = "<group>";
		};
		360A603A23712F4B0013BA9A /* vendor */ = {
			isa = PBXGroup;
			children = (
				360A603B23712F4B0013BA9A /* promise.js */,
			);
			path = vendor;
			sourceTree = "<group>";
		};
		360A61462371334E0013BA9A /* scayt */ = {
			isa = PBXGroup;
			children = (
				360A61492371334E0013BA9A /* skins */,
				360A614D2371334E0013BA9A /* dialogs */,
			);
			path = scayt;
			sourceTree = "<group>";
		};
		360A61492371334E0013BA9A /* skins */ = {
			isa = PBXGroup;
			children = (
				360A614A2371334E0013BA9A /* moono-lisa */,
			);
			path = skins;
			sourceTree = "<group>";
		};
		360A614A2371334E0013BA9A /* moono-lisa */ = {
			isa = PBXGroup;
			children = (
				360A614B2371334E0013BA9A /* scayt.css */,
			);
			path = "moono-lisa";
			sourceTree = "<group>";
		};
		360A614D2371334E0013BA9A /* dialogs */ = {
			isa = PBXGroup;
			children = (
				360A614E2371334E0013BA9A /* toolbar.css */,
				360A614F2371334E0013BA9A /* options.js */,
			);
			path = dialogs;
			sourceTree = "<group>";
		};
		360A6158237136400013BA9A /* toolbarconfigurator */ = {
			isa = PBXGroup;
			children = (
				360A615A237136400013BA9A /* css */,
				360A615C237136400013BA9A /* js */,
				360A6161237136400013BA9A /* lib */,
				360A616A237136400013BA9A /* font */,
			);
			path = toolbarconfigurator;
			sourceTree = "<group>";
		};
		360A615A237136400013BA9A /* css */ = {
			isa = PBXGroup;
			children = (
				360A615B237136400013BA9A /* fontello.css */,
			);
			path = css;
			sourceTree = "<group>";
		};
		360A615C237136400013BA9A /* js */ = {
			isa = PBXGroup;
			children = (
				360A615D237136400013BA9A /* fulltoolbareditor.js */,
				360A615E237136400013BA9A /* abstracttoolbarmodifier.js */,
				360A615F237136400013BA9A /* toolbartextmodifier.js */,
				360A6160237136400013BA9A /* toolbarmodifier.js */,
			);
			path = js;
			sourceTree = "<group>";
		};
		360A6161237136400013BA9A /* lib */ = {
			isa = PBXGroup;
			children = (
				360A6162237136400013BA9A /* codemirror */,
			);
			path = lib;
			sourceTree = "<group>";
		};
		360A6162237136400013BA9A /* codemirror */ = {
			isa = PBXGroup;
			children = (
				360A6163237136400013BA9A /* neo.css */,
				360A6164237136400013BA9A /* show-hint.css */,
				360A6165237136400013BA9A /* codemirror.js */,
				360A6166237136400013BA9A /* LICENSE */,
				360A6167237136400013BA9A /* codemirror.css */,
				360A6168237136400013BA9A /* show-hint.js */,
				360A6169237136400013BA9A /* javascript.js */,
			);
			path = codemirror;
			sourceTree = "<group>";
		};
		360A616A237136400013BA9A /* font */ = {
			isa = PBXGroup;
			children = (
				360A616B237136400013BA9A /* fontello.ttf */,
				360A616C237136400013BA9A /* fontello.woff */,
				360A616D237136400013BA9A /* config.json */,
				360A616E237136400013BA9A /* fontello.eot */,
				360A616F237136400013BA9A /* fontello.svg */,
				360A6170237136400013BA9A /* LICENSE.txt */,
			);
			path = font;
			sourceTree = "<group>";
		};
		3619498D235EF2D900F1C065 /* Extensions */ = {
			isa = PBXGroup;
			children = (
				60B22DB7235977F60049B235 /* Date+Ext.swift */,
				3619498E235EF2FB00F1C065 /* String+Ext.swift */,
				36194991235F14DC00F1C065 /* Notification+Ext.swift */,
			);
			path = Extensions;
			sourceTree = "<group>";
		};
		36194990235EFB8600F1C065 /* Models */ = {
			isa = PBXGroup;
			children = (
				60B855DD235067F6006F815F /* Note.swift */,
			);
			path = Models;
			sourceTree = "<group>";
		};
		36B2208A2362CF8E0011ED60 /* Resources */ = {
			isa = PBXGroup;
			children = (
				60B809BD2350259F006F815F /* Main.storyboard */,
				60B809C0235025A1006F815F /* Assets.xcassets */,
			);
			path = Resources;
			sourceTree = "<group>";
		};
		36B2208B2362D0D10011ED60 /* Views */ = {
			isa = PBXGroup;
			children = (
				60B22DB223596BC80049B235 /* NoteListTableViewCell.swift */,
				36B2208E23681B020011ED60 /* NoteListEmptyView.xib */,
				36B22092236825360011ED60 /* NoteListEmptyView.swift */,
			);
			path = Views;
			sourceTree = "<group>";
		};
		60B809AB2350259F006F815F = {
			isa = PBXGroup;
			children = (
				60B809B62350259F006F815F /* Note Taking */,
				60B809B52350259F006F815F /* Products */,
			);
			sourceTree = "<group>";
			usesTabs = 0;
		};
		60B809B52350259F006F815F /* Products */ = {
			isa = PBXGroup;
			children = (
				60B809B42350259F006F815F /* Note Taking.app */,
			);
			name = Products;
			sourceTree = "<group>";
		};
		60B809B62350259F006F815F /* Note Taking */ = {
			isa = PBXGroup;
			children = (
				360A5EE423712F4A0013BA9A /* ckeditor4 */,
				36194990235EFB8600F1C065 /* Models */,
				36B2208B2362D0D10011ED60 /* Views */,
				60FAA0B4235D9DEF00D4EFB9 /* Controllers */,
				36B2208A2362CF8E0011ED60 /* Resources */,
				3619498D235EF2D900F1C065 /* Extensions */,
				60FAA0B3235D9D0C00D4EFB9 /* Helpers */,
				60FAA0B5235D9F8100D4EFB9 /* Storage */,
				60B809B72350259F006F815F /* AppDelegate.swift */,
				60B809C5235025A1006F815F /* Info.plist */,
				60B809B92350259F006F815F /* SceneDelegate.swift */,
			);
			path = "Note Taking";
			sourceTree = "<group>";
		};
		60FAA0B3235D9D0C00D4EFB9 /* Helpers */ = {
			isa = PBXGroup;
			children = (
				60B22DC2235C7F010049B235 /* NoteTakingCoreDataHelper.swift */,
				60B22DBA2359A9380049B235 /* NoteTakingDateHelper.swift */,
			);
			path = Helpers;
			sourceTree = "<group>";
		};
		60FAA0B4235D9DEF00D4EFB9 /* Controllers */ = {
			isa = PBXGroup;
			children = (
				60B22DAE23572BC40049B235 /* NoteListViewController.swift */,
				60B809BB2350259F006F815F /* EditNoteViewController.swift */,
			);
			path = Controllers;
			sourceTree = "<group>";
		};
		60FAA0B5235D9F8100D4EFB9 /* Storage */ = {
			isa = PBXGroup;
			children = (
				60B22DB4235974620049B235 /* TakingNoteData.xcdatamodeld */,
				60B22DBE235C74290049B235 /* NoteTakingStorage.swift */,
				36B2208C2362F7330011ED60 /* NoteListManager.swift */,
			);
			path = Storage;
			sourceTree = "<group>";
		};
/* End PBXGroup section */

/* Begin PBXNativeTarget section */
		60B809B32350259F006F815F /* Note Taking */ = {
			isa = PBXNativeTarget;
			buildConfigurationList = 60B809C8235025A1006F815F /* Build configuration list for PBXNativeTarget "Note Taking" */;
			buildPhases = (
				60B809B02350259F006F815F /* Sources */,
				60B809B12350259F006F815F /* Frameworks */,
				60B809B22350259F006F815F /* Resources */,
			);
			buildRules = (
			);
			dependencies = (
			);
			name = "Note Taking";
			productName = "Note Taking";
			productReference = 60B809B42350259F006F815F /* Note Taking.app */;
			productType = "com.apple.product-type.application";
		};
/* End PBXNativeTarget section */

/* Begin PBXProject section */
		60B809AC2350259F006F815F /* Project object */ = {
			isa = PBXProject;
			attributes = {
				LastSwiftUpdateCheck = 1100;
				LastUpgradeCheck = 1100;
				ORGANIZATIONNAME = Truc;
				TargetAttributes = {
					60B809B32350259F006F815F = {
						CreatedOnToolsVersion = 11.0;
					};
				};
			};
			buildConfigurationList = 60B809AF2350259F006F815F /* Build configuration list for PBXProject "Note Taking" */;
			compatibilityVersion = "Xcode 9.3";
			developmentRegion = en;
			hasScannedForEncodings = 0;
			knownRegions = (
				en,
				Base,
			);
			mainGroup = 60B809AB2350259F006F815F;
			productRefGroup = 60B809B52350259F006F815F /* Products */;
			projectDirPath = "";
			projectRoot = "";
			targets = (
				60B809B32350259F006F815F /* Note Taking */,
			);
		};
/* End PBXProject section */

/* Begin PBXResourcesBuildPhase section */
		60B809B22350259F006F815F /* Resources */ = {
			isa = PBXResourcesBuildPhase;
			buildActionMask = 2147483647;
			files = (
				360A60FD23712F4B0013BA9A /* ckeditor.js in Resources */,
				360A60EA23712F4B0013BA9A /* arrow.png in Resources */,
				360A612C23712F4B0013BA9A /* logo.svg in Resources */,
				360A617B237136400013BA9A /* codemirror.css in Resources */,
				360A61562371334E0013BA9A /* options.js in Resources */,
				360A612923712F4B0013BA9A /* logo.png in Resources */,
				360A610223712F4B0013BA9A /* sf.js in Resources */,
				360A60E523712F4B0013BA9A /* contents.css in Resources */,
				360A612A23712F4B0013BA9A /* header-bg.png in Resources */,
				360A604223712F4B0013BA9A /* ciframe.html in Resources */,
				360A617A237136400013BA9A /* LICENSE in Resources */,
				360A6180237136400013BA9A /* config.json in Resources */,
				360A60E723712F4B0013BA9A /* editor.css in Resources */,
				360A60FB23712F4B0013BA9A /* dialog_ie8.css in Resources */,
				360A61552371334E0013BA9A /* toolbar.css in Resources */,
				360A60F823712F4B0013BA9A /* dialog_ie.css in Resources */,
				360A614223712F4B0013BA9A /* CHANGES.md in Resources */,
				360A610323712F4B0013BA9A /* sample.js in Resources */,
				360A605123712F4B0013BA9A /* default.js in Resources */,
				360A6181237136400013BA9A /* fontello.eot in Resources */,
				360A6179237136400013BA9A /* codemirror.js in Resources */,
				360A60FE23712F4B0013BA9A /* README.md in Resources */,
				360A612D23712F4B0013BA9A /* navigation-tip.png in Resources */,
				360A6174237136400013BA9A /* abstracttoolbarmodifier.js in Resources */,
				360A617C237136400013BA9A /* show-hint.js in Resources */,
				360A60F023712F4B0013BA9A /* refresh.png in Resources */,
				360A6175237136400013BA9A /* toolbartextmodifier.js in Resources */,
				36B2208F23681B020011ED60 /* NoteListEmptyView.xib in Resources */,
				360A60F223712F4B0013BA9A /* editor_ie.css in Resources */,
				360A617E237136400013BA9A /* fontello.ttf in Resources */,
				360A60E923712F4B0013BA9A /* spinner.gif in Resources */,
				360A6177237136400013BA9A /* neo.css in Resources */,
				360A6182237136400013BA9A /* fontello.svg in Resources */,
				360A604C23712F4B0013BA9A /* tableCell.js in Resources */,
				360A60F723712F4B0013BA9A /* editor_gecko.css in Resources */,
				360A6176237136400013BA9A /* toolbarmodifier.js in Resources */,
				360A60F423712F4B0013BA9A /* dialog_iequirks.css in Resources */,
				360A604123712F4B0013BA9A /* tmpFrameset.html in Resources */,
				360A614323712F4B0013BA9A /* build-config.js in Resources */,
				360A612B23712F4B0013BA9A /* github-top.png in Resources */,
				360A614423712F4B0013BA9A /* styles.js in Resources */,
				360A60FA23712F4B0013BA9A /* icons_hidpi.png in Resources */,
				360A60E623712F4B0013BA9A /* editor_iequirks.css in Resources */,
				360A60F923712F4B0013BA9A /* dialog.css in Resources */,
				360A610023712F4B0013BA9A /* index.html in Resources */,
				360A617D237136400013BA9A /* javascript.js in Resources */,
				360A604B23712F4B0013BA9A /* common.js in Resources */,
				360A605323712F4B0013BA9A /* image.js in Resources */,
				360A6183237136400013BA9A /* LICENSE.txt in Resources */,
				360A605923712F4B0013BA9A /* link.js in Resources */,
				360A604323712F4B0013BA9A /* wsc.js in Resources */,
				360A603E23712F4B0013BA9A /* wsc.css in Resources */,
				360A617F237136400013BA9A /* fontello.woff in Resources */,
				60B809C1235025A1006F815F /* Assets.xcassets in Resources */,
				360A605523712F4B0013BA9A /* dialogDefinition.js in Resources */,
				360A604423712F4B0013BA9A /* wsc_ie.js in Resources */,
				360A61532371334E0013BA9A /* scayt.css in Resources */,
				360A6172237136400013BA9A /* fontello.css in Resources */,
				360A605023712F4B0013BA9A /* logo_ckeditor.png in Resources */,
				360A6173237136400013BA9A /* fulltoolbareditor.js in Resources */,
				360A610123712F4B0013BA9A /* samples.css in Resources */,
				60B809BF2350259F006F815F /* Main.storyboard in Resources */,
				360A6178237136400013BA9A /* show-hint.css in Resources */,
				360A60F523712F4B0013BA9A /* readme.md in Resources */,
				360A604E23712F4B0013BA9A /* about.js in Resources */,
				360A60E423712F4B0013BA9A /* paste.js in Resources */,
				360A605823712F4B0013BA9A /* anchor.png in Resources */,
				360A60FF23712F4B0013BA9A /* en.js in Resources */,
				360A614123712F4B0013BA9A /* jquery.js in Resources */,
				360A614523712F4B0013BA9A /* promise.js in Resources */,
				360A605223712F4B0013BA9A /* noimage.png in Resources */,
				360A60F323712F4B0013BA9A /* editor_ie8.css in Resources */,
				360A605A23712F4B0013BA9A /* anchor.js in Resources */,
				360A604A23712F4B0013BA9A /* handle.png in Resources */,
				360A60F623712F4B0013BA9A /* icons.png in Resources */,
				360A612823712F4B0013BA9A /* header-separator.png in Resources */,
				360A60FC23712F4B0013BA9A /* config.js in Resources */,
				360A60EB23712F4B0013BA9A /* lock-open.png in Resources */,
				360A609F23712F4B0013BA9A /* specialchar.js in Resources */,
				360A60E823712F4B0013BA9A /* lock.png in Resources */,
				360A605B23712F4B0013BA9A /* table.js in Resources */,
				360A604923712F4B0013BA9A /* tableselection.css in Resources */,
				360A60F123712F4B0013BA9A /* close.png in Resources */,
			);
			runOnlyForDeploymentPostprocessing = 0;
		};
/* End PBXResourcesBuildPhase section */

/* Begin PBXSourcesBuildPhase section */
		60B809B02350259F006F815F /* Sources */ = {
			isa = PBXSourcesBuildPhase;
			buildActionMask = 2147483647;
			files = (
				36B22093236825360011ED60 /* NoteListEmptyView.swift in Sources */,
				60B22DC3235C7F010049B235 /* NoteTakingCoreDataHelper.swift in Sources */,
				60B809BC2350259F006F815F /* EditNoteViewController.swift in Sources */,
				60B22DB6235974620049B235 /* TakingNoteData.xcdatamodeld in Sources */,
				3619498F235EF2FB00F1C065 /* String+Ext.swift in Sources */,
				60B809B82350259F006F815F /* AppDelegate.swift in Sources */,
				60B22DBF235C74290049B235 /* NoteTakingStorage.swift in Sources */,
				60B22DAF23572BC40049B235 /* NoteListViewController.swift in Sources */,
				60B809BA2350259F006F815F /* SceneDelegate.swift in Sources */,
				60B22DB323596BC80049B235 /* NoteListTableViewCell.swift in Sources */,
				60B22DBB2359A9380049B235 /* NoteTakingDateHelper.swift in Sources */,
				60B22DB8235977F60049B235 /* Date+Ext.swift in Sources */,
				36B2208D2362F7330011ED60 /* NoteListManager.swift in Sources */,
				36194992235F14DC00F1C065 /* Notification+Ext.swift in Sources */,
				60B855DE235067F6006F815F /* Note.swift in Sources */,
			);
			runOnlyForDeploymentPostprocessing = 0;
		};
/* End PBXSourcesBuildPhase section */

/* Begin PBXVariantGroup section */
		60B809BD2350259F006F815F /* Main.storyboard */ = {
			isa = PBXVariantGroup;
			children = (
				60B809BE2350259F006F815F /* Base */,
			);
			name = Main.storyboard;
			sourceTree = "<group>";
		};
/* End PBXVariantGroup section */

/* Begin XCBuildConfiguration section */
		60B809C6235025A1006F815F /* Debug */ = {
			isa = XCBuildConfiguration;
			buildSettings = {
				ALWAYS_SEARCH_USER_PATHS = NO;
				CLANG_ANALYZER_NONNULL = YES;
				CLANG_ANALYZER_NUMBER_OBJECT_CONVERSION = YES_AGGRESSIVE;
				CLANG_CXX_LANGUAGE_STANDARD = "gnu++14";
				CLANG_CXX_LIBRARY = "libc++";
				CLANG_ENABLE_MODULES = YES;
				CLANG_ENABLE_OBJC_ARC = YES;
				CLANG_ENABLE_OBJC_WEAK = YES;
				CLANG_WARN_BLOCK_CAPTURE_AUTORELEASING = YES;
				CLANG_WARN_BOOL_CONVERSION = YES;
				CLANG_WARN_COMMA = YES;
				CLANG_WARN_CONSTANT_CONVERSION = YES;
				CLANG_WARN_DEPRECATED_OBJC_IMPLEMENTATIONS = YES;
				CLANG_WARN_DIRECT_OBJC_ISA_USAGE = YES_ERROR;
				CLANG_WARN_DOCUMENTATION_COMMENTS = YES;
				CLANG_WARN_EMPTY_BODY = YES;
				CLANG_WARN_ENUM_CONVERSION = YES;
				CLANG_WARN_INFINITE_RECURSION = YES;
				CLANG_WARN_INT_CONVERSION = YES;
				CLANG_WARN_NON_LITERAL_NULL_CONVERSION = YES;
				CLANG_WARN_OBJC_IMPLICIT_RETAIN_SELF = YES;
				CLANG_WARN_OBJC_LITERAL_CONVERSION = YES;
				CLANG_WARN_OBJC_ROOT_CLASS = YES_ERROR;
				CLANG_WARN_RANGE_LOOP_ANALYSIS = YES;
				CLANG_WARN_STRICT_PROTOTYPES = YES;
				CLANG_WARN_SUSPICIOUS_MOVE = YES;
				CLANG_WARN_UNGUARDED_AVAILABILITY = YES_AGGRESSIVE;
				CLANG_WARN_UNREACHABLE_CODE = YES;
				CLANG_WARN__DUPLICATE_METHOD_MATCH = YES;
				COPY_PHASE_STRIP = NO;
				DEBUG_INFORMATION_FORMAT = dwarf;
				ENABLE_STRICT_OBJC_MSGSEND = YES;
				ENABLE_TESTABILITY = YES;
				GCC_C_LANGUAGE_STANDARD = gnu11;
				GCC_DYNAMIC_NO_PIC = NO;
				GCC_NO_COMMON_BLOCKS = YES;
				GCC_OPTIMIZATION_LEVEL = 0;
				GCC_PREPROCESSOR_DEFINITIONS = (
					"DEBUG=1",
					"$(inherited)",
				);
				GCC_WARN_64_TO_32_BIT_CONVERSION = YES;
				GCC_WARN_ABOUT_RETURN_TYPE = YES_ERROR;
				GCC_WARN_UNDECLARED_SELECTOR = YES;
				GCC_WARN_UNINITIALIZED_AUTOS = YES_AGGRESSIVE;
				GCC_WARN_UNUSED_FUNCTION = YES;
				GCC_WARN_UNUSED_VARIABLE = YES;
				IPHONEOS_DEPLOYMENT_TARGET = 13.0;
				MTL_ENABLE_DEBUG_INFO = INCLUDE_SOURCE;
				MTL_FAST_MATH = YES;
				ONLY_ACTIVE_ARCH = YES;
				SDKROOT = iphoneos;
				SWIFT_ACTIVE_COMPILATION_CONDITIONS = DEBUG;
				SWIFT_OPTIMIZATION_LEVEL = "-Onone";
			};
			name = Debug;
		};
		60B809C7235025A1006F815F /* Release */ = {
			isa = XCBuildConfiguration;
			buildSettings = {
				ALWAYS_SEARCH_USER_PATHS = NO;
				CLANG_ANALYZER_NONNULL = YES;
				CLANG_ANALYZER_NUMBER_OBJECT_CONVERSION = YES_AGGRESSIVE;
				CLANG_CXX_LANGUAGE_STANDARD = "gnu++14";
				CLANG_CXX_LIBRARY = "libc++";
				CLANG_ENABLE_MODULES = YES;
				CLANG_ENABLE_OBJC_ARC = YES;
				CLANG_ENABLE_OBJC_WEAK = YES;
				CLANG_WARN_BLOCK_CAPTURE_AUTORELEASING = YES;
				CLANG_WARN_BOOL_CONVERSION = YES;
				CLANG_WARN_COMMA = YES;
				CLANG_WARN_CONSTANT_CONVERSION = YES;
				CLANG_WARN_DEPRECATED_OBJC_IMPLEMENTATIONS = YES;
				CLANG_WARN_DIRECT_OBJC_ISA_USAGE = YES_ERROR;
				CLANG_WARN_DOCUMENTATION_COMMENTS = YES;
				CLANG_WARN_EMPTY_BODY = YES;
				CLANG_WARN_ENUM_CONVERSION = YES;
				CLANG_WARN_INFINITE_RECURSION = YES;
				CLANG_WARN_INT_CONVERSION = YES;
				CLANG_WARN_NON_LITERAL_NULL_CONVERSION = YES;
				CLANG_WARN_OBJC_IMPLICIT_RETAIN_SELF = YES;
				CLANG_WARN_OBJC_LITERAL_CONVERSION = YES;
				CLANG_WARN_OBJC_ROOT_CLASS = YES_ERROR;
				CLANG_WARN_RANGE_LOOP_ANALYSIS = YES;
				CLANG_WARN_STRICT_PROTOTYPES = YES;
				CLANG_WARN_SUSPICIOUS_MOVE = YES;
				CLANG_WARN_UNGUARDED_AVAILABILITY = YES_AGGRESSIVE;
				CLANG_WARN_UNREACHABLE_CODE = YES;
				CLANG_WARN__DUPLICATE_METHOD_MATCH = YES;
				COPY_PHASE_STRIP = NO;
				DEBUG_INFORMATION_FORMAT = "dwarf-with-dsym";
				ENABLE_NS_ASSERTIONS = NO;
				ENABLE_STRICT_OBJC_MSGSEND = YES;
				GCC_C_LANGUAGE_STANDARD = gnu11;
				GCC_NO_COMMON_BLOCKS = YES;
				GCC_WARN_64_TO_32_BIT_CONVERSION = YES;
				GCC_WARN_ABOUT_RETURN_TYPE = YES_ERROR;
				GCC_WARN_UNDECLARED_SELECTOR = YES;
				GCC_WARN_UNINITIALIZED_AUTOS = YES_AGGRESSIVE;
				GCC_WARN_UNUSED_FUNCTION = YES;
				GCC_WARN_UNUSED_VARIABLE = YES;
				IPHONEOS_DEPLOYMENT_TARGET = 13.0;
				MTL_ENABLE_DEBUG_INFO = NO;
				MTL_FAST_MATH = YES;
				SDKROOT = iphoneos;
				SWIFT_COMPILATION_MODE = wholemodule;
				SWIFT_OPTIMIZATION_LEVEL = "-O";
				VALIDATE_PRODUCT = YES;
			};
			name = Release;
		};
		60B809C9235025A1006F815F /* Debug */ = {
			isa = XCBuildConfiguration;
			buildSettings = {
				ASSETCATALOG_COMPILER_APPICON_NAME = AppIcon;
				CODE_SIGN_STYLE = Automatic;
				DEVELOPMENT_TEAM = 64GG69S6DD;
				INFOPLIST_FILE = "Note Taking/Info.plist";
				LD_RUNPATH_SEARCH_PATHS = (
					"$(inherited)",
					"@executable_path/Frameworks",
				);
				PRODUCT_BUNDLE_IDENTIFIER = "com.truc.Note-Taking";
				PRODUCT_NAME = "$(TARGET_NAME)";
				SWIFT_VERSION = 5.0;
				TARGETED_DEVICE_FAMILY = "1,2";
			};
			name = Debug;
		};
		60B809CA235025A1006F815F /* Release */ = {
			isa = XCBuildConfiguration;
			buildSettings = {
				ASSETCATALOG_COMPILER_APPICON_NAME = AppIcon;
				CODE_SIGN_STYLE = Automatic;
				DEVELOPMENT_TEAM = 64GG69S6DD;
				INFOPLIST_FILE = "Note Taking/Info.plist";
				LD_RUNPATH_SEARCH_PATHS = (
					"$(inherited)",
					"@executable_path/Frameworks",
				);
				PRODUCT_BUNDLE_IDENTIFIER = "com.truc.Note-Taking";
				PRODUCT_NAME = "$(TARGET_NAME)";
				SWIFT_VERSION = 5.0;
				TARGETED_DEVICE_FAMILY = "1,2";
			};
			name = Release;
		};
/* End XCBuildConfiguration section */

/* Begin XCConfigurationList section */
		60B809AF2350259F006F815F /* Build configuration list for PBXProject "Note Taking" */ = {
			isa = XCConfigurationList;
			buildConfigurations = (
				60B809C6235025A1006F815F /* Debug */,
				60B809C7235025A1006F815F /* Release */,
			);
			defaultConfigurationIsVisible = 0;
			defaultConfigurationName = Release;
		};
		60B809C8235025A1006F815F /* Build configuration list for PBXNativeTarget "Note Taking" */ = {
			isa = XCConfigurationList;
			buildConfigurations = (
				60B809C9235025A1006F815F /* Debug */,
				60B809CA235025A1006F815F /* Release */,
			);
			defaultConfigurationIsVisible = 0;
			defaultConfigurationName = Release;
		};
/* End XCConfigurationList section */

/* Begin XCVersionGroup section */
		60B22DB4235974620049B235 /* TakingNoteData.xcdatamodeld */ = {
			isa = XCVersionGroup;
			children = (
				60B22DB5235974620049B235 /* TakingNoteData.xcdatamodel */,
			);
			currentVersion = 60B22DB5235974620049B235 /* TakingNoteData.xcdatamodel */;
			path = TakingNoteData.xcdatamodeld;
			sourceTree = "<group>";
			versionGroupType = wrapper.xcdatamodel;
		};
/* End XCVersionGroup section */
	};
	rootObject = 60B809AC2350259F006F815F /* Project object */;
}
