// !$*UTF8*$!
{
	archiveVersion = 1;
	classes = {
	};
	objectVersion = 50;
	objects = {

/* Begin PBXBuildFile section */
		3619498F235EF2FB00F1C065 /* String+Ext.swift in Sources */ = {isa = PBXBuildFile; fileRef = 3619498E235EF2FB00F1C065 /* String+Ext.swift */; };
		36194992235F14DC00F1C065 /* Notification+Ext.swift in Sources */ = {isa = PBXBuildFile; fileRef = 36194991235F14DC00F1C065 /* Notification+Ext.swift */; };
		36A1E6FB235EC38C00566D26 /* editNote.html in Resources */ = {isa = PBXBuildFile; fileRef = 36A1E6B5235EC38C00566D26 /* editNote.html */; };
		36A1E6FC235EC38C00566D26 /* ckeditor.js in Resources */ = {isa = PBXBuildFile; fileRef = 36A1E6B6235EC38C00566D26 /* ckeditor.js */; };
		36A1E6FD235EC38C00566D26 /* sample.css in Resources */ = {isa = PBXBuildFile; fileRef = 36A1E6B9235EC38C00566D26 /* sample.css */; };
		36A1E6FE235EC38C00566D26 /* github.svg in Resources */ = {isa = PBXBuildFile; fileRef = 36A1E6BB235EC38C00566D26 /* github.svg */; };
		36A1E6FF235EC38C00566D26 /* umbrellas.jpg in Resources */ = {isa = PBXBuildFile; fileRef = 36A1E6BC235EC38C00566D26 /* umbrellas.jpg */; };
		36A1E700235EC38C00566D26 /* logo.svg in Resources */ = {isa = PBXBuildFile; fileRef = 36A1E6BD235EC38C00566D26 /* logo.svg */; };
		36A1E701235EC38C00566D26 /* bg.png in Resources */ = {isa = PBXBuildFile; fileRef = 36A1E6BE235EC38C00566D26 /* bg.png */; };
		36A1E702235EC38C00566D26 /* sr-latn.js in Resources */ = {isa = PBXBuildFile; fileRef = 36A1E6C1235EC38C00566D26 /* sr-latn.js */; };
		36A1E703235EC38C00566D26 /* pt.js in Resources */ = {isa = PBXBuildFile; fileRef = 36A1E6C2235EC38C00566D26 /* pt.js */; };
		36A1E704235EC38C00566D26 /* vi.js in Resources */ = {isa = PBXBuildFile; fileRef = 36A1E6C3235EC38C00566D26 /* vi.js */; };
		36A1E705235EC38C00566D26 /* lv.js in Resources */ = {isa = PBXBuildFile; fileRef = 36A1E6C4235EC38C00566D26 /* lv.js */; };
		36A1E706235EC38C00566D26 /* gl.js in Resources */ = {isa = PBXBuildFile; fileRef = 36A1E6C5235EC38C00566D26 /* gl.js */; };
		36A1E707235EC38C00566D26 /* pl.js in Resources */ = {isa = PBXBuildFile; fileRef = 36A1E6C6235EC38C00566D26 /* pl.js */; };
		36A1E708235EC38C00566D26 /* el.js in Resources */ = {isa = PBXBuildFile; fileRef = 36A1E6C7235EC38C00566D26 /* el.js */; };
		36A1E709235EC38C00566D26 /* et.js in Resources */ = {isa = PBXBuildFile; fileRef = 36A1E6C8235EC38C00566D26 /* et.js */; };
		36A1E70A235EC38C00566D26 /* ko.js in Resources */ = {isa = PBXBuildFile; fileRef = 36A1E6C9235EC38C00566D26 /* ko.js */; };
		36A1E70B235EC38C00566D26 /* hr.js in Resources */ = {isa = PBXBuildFile; fileRef = 36A1E6CA235EC38C00566D26 /* hr.js */; };
		36A1E70C235EC38C00566D26 /* ms.js in Resources */ = {isa = PBXBuildFile; fileRef = 36A1E6CB235EC38C00566D26 /* ms.js */; };
		36A1E70D235EC38C00566D26 /* fi.js in Resources */ = {isa = PBXBuildFile; fileRef = 36A1E6CC235EC38C00566D26 /* fi.js */; };
		36A1E70E235EC38C00566D26 /* ru.js in Resources */ = {isa = PBXBuildFile; fileRef = 36A1E6CD235EC38C00566D26 /* ru.js */; };
		36A1E70F235EC38C00566D26 /* eu.js in Resources */ = {isa = PBXBuildFile; fileRef = 36A1E6CE235EC38C00566D26 /* eu.js */; };
		36A1E710235EC38C00566D26 /* no.js in Resources */ = {isa = PBXBuildFile; fileRef = 36A1E6CF235EC38C00566D26 /* no.js */; };
		36A1E711235EC38C00566D26 /* kn.js in Resources */ = {isa = PBXBuildFile; fileRef = 36A1E6D0235EC38C00566D26 /* kn.js */; };
		36A1E712235EC38C00566D26 /* sq.js in Resources */ = {isa = PBXBuildFile; fileRef = 36A1E6D1235EC38C00566D26 /* sq.js */; };
		36A1E713235EC38C00566D26 /* gu.js in Resources */ = {isa = PBXBuildFile; fileRef = 36A1E6D2235EC38C00566D26 /* gu.js */; };
		36A1E714235EC38C00566D26 /* si.js in Resources */ = {isa = PBXBuildFile; fileRef = 36A1E6D3235EC38C00566D26 /* si.js */; };
		36A1E715235EC38C00566D26 /* tt.js in Resources */ = {isa = PBXBuildFile; fileRef = 36A1E6D4235EC38C00566D26 /* tt.js */; };
		36A1E716235EC38C00566D26 /* ja.js in Resources */ = {isa = PBXBuildFile; fileRef = 36A1E6D5235EC38C00566D26 /* ja.js */; };
		36A1E717235EC38C00566D26 /* he.js in Resources */ = {isa = PBXBuildFile; fileRef = 36A1E6D6235EC38C00566D26 /* he.js */; };
		36A1E718235EC38C00566D26 /* ug.js in Resources */ = {isa = PBXBuildFile; fileRef = 36A1E6D7235EC38C00566D26 /* ug.js */; };
		36A1E719235EC38C00566D26 /* bg.js in Resources */ = {isa = PBXBuildFile; fileRef = 36A1E6D8235EC38C00566D26 /* bg.js */; };
		36A1E71A235EC38C00566D26 /* ne.js in Resources */ = {isa = PBXBuildFile; fileRef = 36A1E6D9235EC38C00566D26 /* ne.js */; };
		36A1E71B235EC38C00566D26 /* af.js in Resources */ = {isa = PBXBuildFile; fileRef = 36A1E6DA235EC38C00566D26 /* af.js */; };
		36A1E71C235EC38C00566D26 /* id.js in Resources */ = {isa = PBXBuildFile; fileRef = 36A1E6DB235EC38C00566D26 /* id.js */; };
		36A1E71D235EC38C00566D26 /* az.js in Resources */ = {isa = PBXBuildFile; fileRef = 36A1E6DC235EC38C00566D26 /* az.js */; };
		36A1E71E235EC38C00566D26 /* en-au.js in Resources */ = {isa = PBXBuildFile; fileRef = 36A1E6DD235EC38C00566D26 /* en-au.js */; };
		36A1E71F235EC38C00566D26 /* ca.js in Resources */ = {isa = PBXBuildFile; fileRef = 36A1E6DE235EC38C00566D26 /* ca.js */; };
		36A1E720235EC38C00566D26 /* nb.js in Resources */ = {isa = PBXBuildFile; fileRef = 36A1E6DF235EC38C00566D26 /* nb.js */; };
		36A1E721235EC38C00566D26 /* zh-cn.js in Resources */ = {isa = PBXBuildFile; fileRef = 36A1E6E0235EC38C00566D26 /* zh-cn.js */; };
		36A1E722235EC38C00566D26 /* de-ch.js in Resources */ = {isa = PBXBuildFile; fileRef = 36A1E6E1235EC38C00566D26 /* de-ch.js */; };
		36A1E723235EC38C00566D26 /* pt-br.js in Resources */ = {isa = PBXBuildFile; fileRef = 36A1E6E2235EC38C00566D26 /* pt-br.js */; };
		36A1E724235EC38C00566D26 /* oc.js in Resources */ = {isa = PBXBuildFile; fileRef = 36A1E6E3235EC38C00566D26 /* oc.js */; };
		36A1E725235EC38C00566D26 /* da.js in Resources */ = {isa = PBXBuildFile; fileRef = 36A1E6E4235EC38C00566D26 /* da.js */; };
		36A1E726235EC38C00566D26 /* fa.js in Resources */ = {isa = PBXBuildFile; fileRef = 36A1E6E5235EC38C00566D26 /* fa.js */; };
		36A1E727235EC38C00566D26 /* de.js in Resources */ = {isa = PBXBuildFile; fileRef = 36A1E6E6235EC38C00566D26 /* de.js */; };
		36A1E728235EC38C00566D26 /* ku.js in Resources */ = {isa = PBXBuildFile; fileRef = 36A1E6E7235EC38C00566D26 /* ku.js */; };
		36A1E729235EC38C00566D26 /* sv.js in Resources */ = {isa = PBXBuildFile; fileRef = 36A1E6E8235EC38C00566D26 /* sv.js */; };
		36A1E72A235EC38C00566D26 /* zh.js in Resources */ = {isa = PBXBuildFile; fileRef = 36A1E6E9235EC38C00566D26 /* zh.js */; };
		36A1E72B235EC38C00566D26 /* uk.js in Resources */ = {isa = PBXBuildFile; fileRef = 36A1E6EA235EC38C00566D26 /* uk.js */; };
		36A1E72C235EC38C00566D26 /* cs.js in Resources */ = {isa = PBXBuildFile; fileRef = 36A1E6EB235EC38C00566D26 /* cs.js */; };
		36A1E72D235EC38C00566D26 /* km.js in Resources */ = {isa = PBXBuildFile; fileRef = 36A1E6EC235EC38C00566D26 /* km.js */; };
		36A1E72E235EC38C00566D26 /* fr.js in Resources */ = {isa = PBXBuildFile; fileRef = 36A1E6ED235EC38C00566D26 /* fr.js */; };
		36A1E72F235EC38C00566D26 /* nl.js in Resources */ = {isa = PBXBuildFile; fileRef = 36A1E6EE235EC38C00566D26 /* nl.js */; };
		36A1E730235EC38C00566D26 /* en-gb.js in Resources */ = {isa = PBXBuildFile; fileRef = 36A1E6EF235EC38C00566D26 /* en-gb.js */; };
		36A1E731235EC38C00566D26 /* sr.js in Resources */ = {isa = PBXBuildFile; fileRef = 36A1E6F0235EC38C00566D26 /* sr.js */; };
		36A1E732235EC38C00566D26 /* hu.js in Resources */ = {isa = PBXBuildFile; fileRef = 36A1E6F1235EC38C00566D26 /* hu.js */; };
		36A1E733235EC38C00566D26 /* lt.js in Resources */ = {isa = PBXBuildFile; fileRef = 36A1E6F2235EC38C00566D26 /* lt.js */; };
		36A1E734235EC38C00566D26 /* ar.js in Resources */ = {isa = PBXBuildFile; fileRef = 36A1E6F3235EC38C00566D26 /* ar.js */; };
		36A1E735235EC38C00566D26 /* ast.js in Resources */ = {isa = PBXBuildFile; fileRef = 36A1E6F4235EC38C00566D26 /* ast.js */; };
		36A1E736235EC38C00566D26 /* sk.js in Resources */ = {isa = PBXBuildFile; fileRef = 36A1E6F5235EC38C00566D26 /* sk.js */; };
		36A1E737235EC38C00566D26 /* it.js in Resources */ = {isa = PBXBuildFile; fileRef = 36A1E6F6235EC38C00566D26 /* it.js */; };
		36A1E738235EC38C00566D26 /* es.js in Resources */ = {isa = PBXBuildFile; fileRef = 36A1E6F7235EC38C00566D26 /* es.js */; };
		36A1E739235EC38C00566D26 /* eo.js in Resources */ = {isa = PBXBuildFile; fileRef = 36A1E6F8235EC38C00566D26 /* eo.js */; };
		36A1E73A235EC38C00566D26 /* ro.js in Resources */ = {isa = PBXBuildFile; fileRef = 36A1E6F9235EC38C00566D26 /* ro.js */; };
		36A1E73B235EC38C00566D26 /* tr.js in Resources */ = {isa = PBXBuildFile; fileRef = 36A1E6FA235EC38C00566D26 /* tr.js */; };
		60B22DAF23572BC40049B235 /* NoteListViewController.swift in Sources */ = {isa = PBXBuildFile; fileRef = 60B22DAE23572BC40049B235 /* NoteListViewController.swift */; };
		60B22DB323596BC80049B235 /* NoteListTableViewCell.swift in Sources */ = {isa = PBXBuildFile; fileRef = 60B22DB223596BC80049B235 /* NoteListTableViewCell.swift */; };
		60B22DB6235974620049B235 /* TakingNoteData.xcdatamodeld in Sources */ = {isa = PBXBuildFile; fileRef = 60B22DB4235974620049B235 /* TakingNoteData.xcdatamodeld */; };
		60B22DB8235977F60049B235 /* Date+Ext.swift in Sources */ = {isa = PBXBuildFile; fileRef = 60B22DB7235977F60049B235 /* Date+Ext.swift */; };
		60B22DBB2359A9380049B235 /* NoteTakingDateHelper.swift in Sources */ = {isa = PBXBuildFile; fileRef = 60B22DBA2359A9380049B235 /* NoteTakingDateHelper.swift */; };
		60B22DBF235C74290049B235 /* NoteTakingStorage.swift in Sources */ = {isa = PBXBuildFile; fileRef = 60B22DBE235C74290049B235 /* NoteTakingStorage.swift */; };
		60B22DC3235C7F010049B235 /* NoteTakingCoreDataHelper.swift in Sources */ = {isa = PBXBuildFile; fileRef = 60B22DC2235C7F010049B235 /* NoteTakingCoreDataHelper.swift */; };
		60B809B82350259F006F815F /* AppDelegate.swift in Sources */ = {isa = PBXBuildFile; fileRef = 60B809B72350259F006F815F /* AppDelegate.swift */; };
		60B809BA2350259F006F815F /* SceneDelegate.swift in Sources */ = {isa = PBXBuildFile; fileRef = 60B809B92350259F006F815F /* SceneDelegate.swift */; };
		60B809BC2350259F006F815F /* EditNoteViewController.swift in Sources */ = {isa = PBXBuildFile; fileRef = 60B809BB2350259F006F815F /* EditNoteViewController.swift */; };
		60B809BF2350259F006F815F /* Main.storyboard in Resources */ = {isa = PBXBuildFile; fileRef = 60B809BD2350259F006F815F /* Main.storyboard */; };
		60B809C1235025A1006F815F /* Assets.xcassets in Resources */ = {isa = PBXBuildFile; fileRef = 60B809C0235025A1006F815F /* Assets.xcassets */; };
		60B855DE235067F6006F815F /* Note.swift in Sources */ = {isa = PBXBuildFile; fileRef = 60B855DD235067F6006F815F /* Note.swift */; };
/* End PBXBuildFile section */

/* Begin PBXFileReference section */
		3619498E235EF2FB00F1C065 /* String+Ext.swift */ = {isa = PBXFileReference; lastKnownFileType = sourcecode.swift; path = "String+Ext.swift"; sourceTree = "<group>"; };
		36194991235F14DC00F1C065 /* Notification+Ext.swift */ = {isa = PBXFileReference; lastKnownFileType = sourcecode.swift; path = "Notification+Ext.swift"; sourceTree = "<group>"; };
		36A1E6B5235EC38C00566D26 /* editNote.html */ = {isa = PBXFileReference; fileEncoding = 4; lastKnownFileType = text.html; path = editNote.html; sourceTree = "<group>"; };
		36A1E6B6235EC38C00566D26 /* ckeditor.js */ = {isa = PBXFileReference; fileEncoding = 4; lastKnownFileType = sourcecode.javascript; path = ckeditor.js; sourceTree = "<group>"; };
		36A1E6B9235EC38C00566D26 /* sample.css */ = {isa = PBXFileReference; fileEncoding = 4; lastKnownFileType = text.css; path = sample.css; sourceTree = "<group>"; };
		36A1E6BB235EC38C00566D26 /* github.svg */ = {isa = PBXFileReference; fileEncoding = 4; lastKnownFileType = text.xml; path = github.svg; sourceTree = "<group>"; };
		36A1E6BC235EC38C00566D26 /* umbrellas.jpg */ = {isa = PBXFileReference; lastKnownFileType = image.jpeg; path = umbrellas.jpg; sourceTree = "<group>"; };
		36A1E6BD235EC38C00566D26 /* logo.svg */ = {isa = PBXFileReference; fileEncoding = 4; lastKnownFileType = text.xml; path = logo.svg; sourceTree = "<group>"; };
		36A1E6BE235EC38C00566D26 /* bg.png */ = {isa = PBXFileReference; lastKnownFileType = image.png; path = bg.png; sourceTree = "<group>"; };
		36A1E6BF235EC38C00566D26 /* ckeditor.js.map */ = {isa = PBXFileReference; fileEncoding = 4; lastKnownFileType = "sourcecode.module-map"; path = ckeditor.js.map; sourceTree = "<group>"; };
		36A1E6C1235EC38C00566D26 /* sr-latn.js */ = {isa = PBXFileReference; fileEncoding = 4; lastKnownFileType = sourcecode.javascript; path = "sr-latn.js"; sourceTree = "<group>"; };
		36A1E6C2235EC38C00566D26 /* pt.js */ = {isa = PBXFileReference; fileEncoding = 4; lastKnownFileType = sourcecode.javascript; path = pt.js; sourceTree = "<group>"; };
		36A1E6C3235EC38C00566D26 /* vi.js */ = {isa = PBXFileReference; fileEncoding = 4; lastKnownFileType = sourcecode.javascript; path = vi.js; sourceTree = "<group>"; };
		36A1E6C4235EC38C00566D26 /* lv.js */ = {isa = PBXFileReference; fileEncoding = 4; lastKnownFileType = sourcecode.javascript; path = lv.js; sourceTree = "<group>"; };
		36A1E6C5235EC38C00566D26 /* gl.js */ = {isa = PBXFileReference; fileEncoding = 4; lastKnownFileType = sourcecode.javascript; path = gl.js; sourceTree = "<group>"; };
		36A1E6C6235EC38C00566D26 /* pl.js */ = {isa = PBXFileReference; fileEncoding = 4; lastKnownFileType = sourcecode.javascript; path = pl.js; sourceTree = "<group>"; };
		36A1E6C7235EC38C00566D26 /* el.js */ = {isa = PBXFileReference; fileEncoding = 4; lastKnownFileType = sourcecode.javascript; path = el.js; sourceTree = "<group>"; };
		36A1E6C8235EC38C00566D26 /* et.js */ = {isa = PBXFileReference; fileEncoding = 4; lastKnownFileType = sourcecode.javascript; path = et.js; sourceTree = "<group>"; };
		36A1E6C9235EC38C00566D26 /* ko.js */ = {isa = PBXFileReference; fileEncoding = 4; lastKnownFileType = sourcecode.javascript; path = ko.js; sourceTree = "<group>"; };
		36A1E6CA235EC38C00566D26 /* hr.js */ = {isa = PBXFileReference; fileEncoding = 4; lastKnownFileType = sourcecode.javascript; path = hr.js; sourceTree = "<group>"; };
		36A1E6CB235EC38C00566D26 /* ms.js */ = {isa = PBXFileReference; fileEncoding = 4; lastKnownFileType = sourcecode.javascript; path = ms.js; sourceTree = "<group>"; };
		36A1E6CC235EC38C00566D26 /* fi.js */ = {isa = PBXFileReference; fileEncoding = 4; lastKnownFileType = sourcecode.javascript; path = fi.js; sourceTree = "<group>"; };
		36A1E6CD235EC38C00566D26 /* ru.js */ = {isa = PBXFileReference; fileEncoding = 4; lastKnownFileType = sourcecode.javascript; path = ru.js; sourceTree = "<group>"; };
		36A1E6CE235EC38C00566D26 /* eu.js */ = {isa = PBXFileReference; fileEncoding = 4; lastKnownFileType = sourcecode.javascript; path = eu.js; sourceTree = "<group>"; };
		36A1E6CF235EC38C00566D26 /* no.js */ = {isa = PBXFileReference; fileEncoding = 4; lastKnownFileType = sourcecode.javascript; path = no.js; sourceTree = "<group>"; };
		36A1E6D0235EC38C00566D26 /* kn.js */ = {isa = PBXFileReference; fileEncoding = 4; lastKnownFileType = sourcecode.javascript; path = kn.js; sourceTree = "<group>"; };
		36A1E6D1235EC38C00566D26 /* sq.js */ = {isa = PBXFileReference; fileEncoding = 4; lastKnownFileType = sourcecode.javascript; path = sq.js; sourceTree = "<group>"; };
		36A1E6D2235EC38C00566D26 /* gu.js */ = {isa = PBXFileReference; fileEncoding = 4; lastKnownFileType = sourcecode.javascript; path = gu.js; sourceTree = "<group>"; };
		36A1E6D3235EC38C00566D26 /* si.js */ = {isa = PBXFileReference; fileEncoding = 4; lastKnownFileType = sourcecode.javascript; path = si.js; sourceTree = "<group>"; };
		36A1E6D4235EC38C00566D26 /* tt.js */ = {isa = PBXFileReference; fileEncoding = 4; lastKnownFileType = sourcecode.javascript; path = tt.js; sourceTree = "<group>"; };
		36A1E6D5235EC38C00566D26 /* ja.js */ = {isa = PBXFileReference; fileEncoding = 4; lastKnownFileType = sourcecode.javascript; path = ja.js; sourceTree = "<group>"; };
		36A1E6D6235EC38C00566D26 /* he.js */ = {isa = PBXFileReference; fileEncoding = 4; lastKnownFileType = sourcecode.javascript; path = he.js; sourceTree = "<group>"; };
		36A1E6D7235EC38C00566D26 /* ug.js */ = {isa = PBXFileReference; fileEncoding = 4; lastKnownFileType = sourcecode.javascript; path = ug.js; sourceTree = "<group>"; };
		36A1E6D8235EC38C00566D26 /* bg.js */ = {isa = PBXFileReference; fileEncoding = 4; lastKnownFileType = sourcecode.javascript; path = bg.js; sourceTree = "<group>"; };
		36A1E6D9235EC38C00566D26 /* ne.js */ = {isa = PBXFileReference; fileEncoding = 4; lastKnownFileType = sourcecode.javascript; path = ne.js; sourceTree = "<group>"; };
		36A1E6DA235EC38C00566D26 /* af.js */ = {isa = PBXFileReference; fileEncoding = 4; lastKnownFileType = sourcecode.javascript; path = af.js; sourceTree = "<group>"; };
		36A1E6DB235EC38C00566D26 /* id.js */ = {isa = PBXFileReference; fileEncoding = 4; lastKnownFileType = sourcecode.javascript; path = id.js; sourceTree = "<group>"; };
		36A1E6DC235EC38C00566D26 /* az.js */ = {isa = PBXFileReference; fileEncoding = 4; lastKnownFileType = sourcecode.javascript; path = az.js; sourceTree = "<group>"; };
		36A1E6DD235EC38C00566D26 /* en-au.js */ = {isa = PBXFileReference; fileEncoding = 4; lastKnownFileType = sourcecode.javascript; path = "en-au.js"; sourceTree = "<group>"; };
		36A1E6DE235EC38C00566D26 /* ca.js */ = {isa = PBXFileReference; fileEncoding = 4; lastKnownFileType = sourcecode.javascript; path = ca.js; sourceTree = "<group>"; };
		36A1E6DF235EC38C00566D26 /* nb.js */ = {isa = PBXFileReference; fileEncoding = 4; lastKnownFileType = sourcecode.javascript; path = nb.js; sourceTree = "<group>"; };
		36A1E6E0235EC38C00566D26 /* zh-cn.js */ = {isa = PBXFileReference; fileEncoding = 4; lastKnownFileType = sourcecode.javascript; path = "zh-cn.js"; sourceTree = "<group>"; };
		36A1E6E1235EC38C00566D26 /* de-ch.js */ = {isa = PBXFileReference; fileEncoding = 4; lastKnownFileType = sourcecode.javascript; path = "de-ch.js"; sourceTree = "<group>"; };
		36A1E6E2235EC38C00566D26 /* pt-br.js */ = {isa = PBXFileReference; fileEncoding = 4; lastKnownFileType = sourcecode.javascript; path = "pt-br.js"; sourceTree = "<group>"; };
		36A1E6E3235EC38C00566D26 /* oc.js */ = {isa = PBXFileReference; fileEncoding = 4; lastKnownFileType = sourcecode.javascript; path = oc.js; sourceTree = "<group>"; };
		36A1E6E4235EC38C00566D26 /* da.js */ = {isa = PBXFileReference; fileEncoding = 4; lastKnownFileType = sourcecode.javascript; path = da.js; sourceTree = "<group>"; };
		36A1E6E5235EC38C00566D26 /* fa.js */ = {isa = PBXFileReference; fileEncoding = 4; lastKnownFileType = sourcecode.javascript; path = fa.js; sourceTree = "<group>"; };
		36A1E6E6235EC38C00566D26 /* de.js */ = {isa = PBXFileReference; fileEncoding = 4; lastKnownFileType = sourcecode.javascript; path = de.js; sourceTree = "<group>"; };
		36A1E6E7235EC38C00566D26 /* ku.js */ = {isa = PBXFileReference; fileEncoding = 4; lastKnownFileType = sourcecode.javascript; path = ku.js; sourceTree = "<group>"; };
		36A1E6E8235EC38C00566D26 /* sv.js */ = {isa = PBXFileReference; fileEncoding = 4; lastKnownFileType = sourcecode.javascript; path = sv.js; sourceTree = "<group>"; };
		36A1E6E9235EC38C00566D26 /* zh.js */ = {isa = PBXFileReference; fileEncoding = 4; lastKnownFileType = sourcecode.javascript; path = zh.js; sourceTree = "<group>"; };
		36A1E6EA235EC38C00566D26 /* uk.js */ = {isa = PBXFileReference; fileEncoding = 4; lastKnownFileType = sourcecode.javascript; path = uk.js; sourceTree = "<group>"; };
		36A1E6EB235EC38C00566D26 /* cs.js */ = {isa = PBXFileReference; fileEncoding = 4; lastKnownFileType = sourcecode.javascript; path = cs.js; sourceTree = "<group>"; };
		36A1E6EC235EC38C00566D26 /* km.js */ = {isa = PBXFileReference; fileEncoding = 4; lastKnownFileType = sourcecode.javascript; path = km.js; sourceTree = "<group>"; };
		36A1E6ED235EC38C00566D26 /* fr.js */ = {isa = PBXFileReference; fileEncoding = 4; lastKnownFileType = sourcecode.javascript; path = fr.js; sourceTree = "<group>"; };
		36A1E6EE235EC38C00566D26 /* nl.js */ = {isa = PBXFileReference; fileEncoding = 4; lastKnownFileType = sourcecode.javascript; path = nl.js; sourceTree = "<group>"; };
		36A1E6EF235EC38C00566D26 /* en-gb.js */ = {isa = PBXFileReference; fileEncoding = 4; lastKnownFileType = sourcecode.javascript; path = "en-gb.js"; sourceTree = "<group>"; };
		36A1E6F0235EC38C00566D26 /* sr.js */ = {isa = PBXFileReference; fileEncoding = 4; lastKnownFileType = sourcecode.javascript; path = sr.js; sourceTree = "<group>"; };
		36A1E6F1235EC38C00566D26 /* hu.js */ = {isa = PBXFileReference; fileEncoding = 4; lastKnownFileType = sourcecode.javascript; path = hu.js; sourceTree = "<group>"; };
		36A1E6F2235EC38C00566D26 /* lt.js */ = {isa = PBXFileReference; fileEncoding = 4; lastKnownFileType = sourcecode.javascript; path = lt.js; sourceTree = "<group>"; };
		36A1E6F3235EC38C00566D26 /* ar.js */ = {isa = PBXFileReference; fileEncoding = 4; lastKnownFileType = sourcecode.javascript; path = ar.js; sourceTree = "<group>"; };
		36A1E6F4235EC38C00566D26 /* ast.js */ = {isa = PBXFileReference; fileEncoding = 4; lastKnownFileType = sourcecode.javascript; path = ast.js; sourceTree = "<group>"; };
		36A1E6F5235EC38C00566D26 /* sk.js */ = {isa = PBXFileReference; fileEncoding = 4; lastKnownFileType = sourcecode.javascript; path = sk.js; sourceTree = "<group>"; };
		36A1E6F6235EC38C00566D26 /* it.js */ = {isa = PBXFileReference; fileEncoding = 4; lastKnownFileType = sourcecode.javascript; path = it.js; sourceTree = "<group>"; };
		36A1E6F7235EC38C00566D26 /* es.js */ = {isa = PBXFileReference; fileEncoding = 4; lastKnownFileType = sourcecode.javascript; path = es.js; sourceTree = "<group>"; };
		36A1E6F8235EC38C00566D26 /* eo.js */ = {isa = PBXFileReference; fileEncoding = 4; lastKnownFileType = sourcecode.javascript; path = eo.js; sourceTree = "<group>"; };
		36A1E6F9235EC38C00566D26 /* ro.js */ = {isa = PBXFileReference; fileEncoding = 4; lastKnownFileType = sourcecode.javascript; path = ro.js; sourceTree = "<group>"; };
		36A1E6FA235EC38C00566D26 /* tr.js */ = {isa = PBXFileReference; fileEncoding = 4; lastKnownFileType = sourcecode.javascript; path = tr.js; sourceTree = "<group>"; };
		60B22DAE23572BC40049B235 /* NoteListViewController.swift */ = {isa = PBXFileReference; lastKnownFileType = sourcecode.swift; path = NoteListViewController.swift; sourceTree = "<group>"; };
		60B22DB223596BC80049B235 /* NoteListTableViewCell.swift */ = {isa = PBXFileReference; lastKnownFileType = sourcecode.swift; path = NoteListTableViewCell.swift; sourceTree = "<group>"; };
		60B22DB5235974620049B235 /* TakingNoteData.xcdatamodel */ = {isa = PBXFileReference; lastKnownFileType = wrapper.xcdatamodel; path = TakingNoteData.xcdatamodel; sourceTree = "<group>"; };
		60B22DB7235977F60049B235 /* Date+Ext.swift */ = {isa = PBXFileReference; lastKnownFileType = sourcecode.swift; path = "Date+Ext.swift"; sourceTree = "<group>"; };
		60B22DBA2359A9380049B235 /* NoteTakingDateHelper.swift */ = {isa = PBXFileReference; lastKnownFileType = sourcecode.swift; path = NoteTakingDateHelper.swift; sourceTree = "<group>"; };
		60B22DBE235C74290049B235 /* NoteTakingStorage.swift */ = {isa = PBXFileReference; lastKnownFileType = sourcecode.swift; path = NoteTakingStorage.swift; sourceTree = "<group>"; };
		60B22DC2235C7F010049B235 /* NoteTakingCoreDataHelper.swift */ = {isa = PBXFileReference; lastKnownFileType = sourcecode.swift; path = NoteTakingCoreDataHelper.swift; sourceTree = "<group>"; };
		60B809B42350259F006F815F /* Note Taking.app */ = {isa = PBXFileReference; explicitFileType = wrapper.application; includeInIndex = 0; path = "Note Taking.app"; sourceTree = BUILT_PRODUCTS_DIR; };
		60B809B72350259F006F815F /* AppDelegate.swift */ = {isa = PBXFileReference; lastKnownFileType = sourcecode.swift; path = AppDelegate.swift; sourceTree = "<group>"; };
		60B809B92350259F006F815F /* SceneDelegate.swift */ = {isa = PBXFileReference; lastKnownFileType = sourcecode.swift; path = SceneDelegate.swift; sourceTree = "<group>"; };
		60B809BB2350259F006F815F /* EditNoteViewController.swift */ = {isa = PBXFileReference; lastKnownFileType = sourcecode.swift; path = EditNoteViewController.swift; sourceTree = "<group>"; };
		60B809BE2350259F006F815F /* Base */ = {isa = PBXFileReference; lastKnownFileType = file.storyboard; name = Base; path = Base.lproj/Main.storyboard; sourceTree = "<group>"; };
		60B809C0235025A1006F815F /* Assets.xcassets */ = {isa = PBXFileReference; lastKnownFileType = folder.assetcatalog; path = Assets.xcassets; sourceTree = "<group>"; };
		60B809C5235025A1006F815F /* Info.plist */ = {isa = PBXFileReference; lastKnownFileType = text.plist.xml; path = Info.plist; sourceTree = "<group>"; };
		60B855DD235067F6006F815F /* Note.swift */ = {isa = PBXFileReference; lastKnownFileType = sourcecode.swift; path = Note.swift; sourceTree = "<group>"; };
/* End PBXFileReference section */

/* Begin PBXFrameworksBuildPhase section */
		60B809B12350259F006F815F /* Frameworks */ = {
			isa = PBXFrameworksBuildPhase;
			buildActionMask = 2147483647;
			files = (
			);
			runOnlyForDeploymentPostprocessing = 0;
		};
/* End PBXFrameworksBuildPhase section */

/* Begin PBXGroup section */
		3619498D235EF2D900F1C065 /* Extensions */ = {
			isa = PBXGroup;
			children = (
				60B22DB7235977F60049B235 /* Date+Ext.swift */,
				3619498E235EF2FB00F1C065 /* String+Ext.swift */,
				36194991235F14DC00F1C065 /* Notification+Ext.swift */,
			);
			path = Extensions;
			sourceTree = "<group>";
		};
		36194990235EFB8600F1C065 /* Model */ = {
			isa = PBXGroup;
			children = (
				60B855DD235067F6006F815F /* Note.swift */,
			);
			path = Model;
			sourceTree = "<group>";
		};
		36A1E6B4235EC38C00566D26 /* ckeditor5 */ = {
			isa = PBXGroup;
			children = (
				36A1E6B5235EC38C00566D26 /* editNote.html */,
				36A1E6B6235EC38C00566D26 /* ckeditor.js */,
				36A1E6B7235EC38C00566D26 /* sample */,
				36A1E6BF235EC38C00566D26 /* ckeditor.js.map */,
				36A1E6C0235EC38C00566D26 /* translations */,
			);
			path = ckeditor5;
			sourceTree = "<group>";
		};
		36A1E6B7235EC38C00566D26 /* sample */ = {
			isa = PBXGroup;
			children = (
				36A1E6B8235EC38C00566D26 /* css */,
				36A1E6BA235EC38C00566D26 /* img */,
			);
			path = sample;
			sourceTree = "<group>";
		};
		36A1E6B8235EC38C00566D26 /* css */ = {
			isa = PBXGroup;
			children = (
				36A1E6B9235EC38C00566D26 /* sample.css */,
			);
			path = css;
			sourceTree = "<group>";
		};
		36A1E6BA235EC38C00566D26 /* img */ = {
			isa = PBXGroup;
			children = (
				36A1E6BB235EC38C00566D26 /* github.svg */,
				36A1E6BC235EC38C00566D26 /* umbrellas.jpg */,
				36A1E6BD235EC38C00566D26 /* logo.svg */,
				36A1E6BE235EC38C00566D26 /* bg.png */,
			);
			path = img;
			sourceTree = "<group>";
		};
		36A1E6C0235EC38C00566D26 /* translations */ = {
			isa = PBXGroup;
			children = (
				36A1E6C1235EC38C00566D26 /* sr-latn.js */,
				36A1E6C2235EC38C00566D26 /* pt.js */,
				36A1E6C3235EC38C00566D26 /* vi.js */,
				36A1E6C4235EC38C00566D26 /* lv.js */,
				36A1E6C5235EC38C00566D26 /* gl.js */,
				36A1E6C6235EC38C00566D26 /* pl.js */,
				36A1E6C7235EC38C00566D26 /* el.js */,
				36A1E6C8235EC38C00566D26 /* et.js */,
				36A1E6C9235EC38C00566D26 /* ko.js */,
				36A1E6CA235EC38C00566D26 /* hr.js */,
				36A1E6CB235EC38C00566D26 /* ms.js */,
				36A1E6CC235EC38C00566D26 /* fi.js */,
				36A1E6CD235EC38C00566D26 /* ru.js */,
				36A1E6CE235EC38C00566D26 /* eu.js */,
				36A1E6CF235EC38C00566D26 /* no.js */,
				36A1E6D0235EC38C00566D26 /* kn.js */,
				36A1E6D1235EC38C00566D26 /* sq.js */,
				36A1E6D2235EC38C00566D26 /* gu.js */,
				36A1E6D3235EC38C00566D26 /* si.js */,
				36A1E6D4235EC38C00566D26 /* tt.js */,
				36A1E6D5235EC38C00566D26 /* ja.js */,
				36A1E6D6235EC38C00566D26 /* he.js */,
				36A1E6D7235EC38C00566D26 /* ug.js */,
				36A1E6D8235EC38C00566D26 /* bg.js */,
				36A1E6D9235EC38C00566D26 /* ne.js */,
				36A1E6DA235EC38C00566D26 /* af.js */,
				36A1E6DB235EC38C00566D26 /* id.js */,
				36A1E6DC235EC38C00566D26 /* az.js */,
				36A1E6DD235EC38C00566D26 /* en-au.js */,
				36A1E6DE235EC38C00566D26 /* ca.js */,
				36A1E6DF235EC38C00566D26 /* nb.js */,
				36A1E6E0235EC38C00566D26 /* zh-cn.js */,
				36A1E6E1235EC38C00566D26 /* de-ch.js */,
				36A1E6E2235EC38C00566D26 /* pt-br.js */,
				36A1E6E3235EC38C00566D26 /* oc.js */,
				36A1E6E4235EC38C00566D26 /* da.js */,
				36A1E6E5235EC38C00566D26 /* fa.js */,
				36A1E6E6235EC38C00566D26 /* de.js */,
				36A1E6E7235EC38C00566D26 /* ku.js */,
				36A1E6E8235EC38C00566D26 /* sv.js */,
				36A1E6E9235EC38C00566D26 /* zh.js */,
				36A1E6EA235EC38C00566D26 /* uk.js */,
				36A1E6EB235EC38C00566D26 /* cs.js */,
				36A1E6EC235EC38C00566D26 /* km.js */,
				36A1E6ED235EC38C00566D26 /* fr.js */,
				36A1E6EE235EC38C00566D26 /* nl.js */,
				36A1E6EF235EC38C00566D26 /* en-gb.js */,
				36A1E6F0235EC38C00566D26 /* sr.js */,
				36A1E6F1235EC38C00566D26 /* hu.js */,
				36A1E6F2235EC38C00566D26 /* lt.js */,
				36A1E6F3235EC38C00566D26 /* ar.js */,
				36A1E6F4235EC38C00566D26 /* ast.js */,
				36A1E6F5235EC38C00566D26 /* sk.js */,
				36A1E6F6235EC38C00566D26 /* it.js */,
				36A1E6F7235EC38C00566D26 /* es.js */,
				36A1E6F8235EC38C00566D26 /* eo.js */,
				36A1E6F9235EC38C00566D26 /* ro.js */,
				36A1E6FA235EC38C00566D26 /* tr.js */,
			);
			path = translations;
			sourceTree = "<group>";
		};
		60B809AB2350259F006F815F = {
			isa = PBXGroup;
			children = (
				60B809B62350259F006F815F /* Note Taking */,
				60B809B52350259F006F815F /* Products */,
			);
			sourceTree = "<group>";
			usesTabs = 0;
		};
		60B809B52350259F006F815F /* Products */ = {
			isa = PBXGroup;
			children = (
				60B809B42350259F006F815F /* Note Taking.app */,
			);
			name = Products;
			sourceTree = "<group>";
		};
		60B809B62350259F006F815F /* Note Taking */ = {
			isa = PBXGroup;
			children = (
				60B22DB4235974620049B235 /* TakingNoteData.xcdatamodeld */,
				36A1E6B4235EC38C00566D26 /* ckeditor5 */,
				36194990235EFB8600F1C065 /* Model */,
				3619498D235EF2D900F1C065 /* Extensions */,
				60FAA0B3235D9D0C00D4EFB9 /* Helpers */,
				60FAA0B4235D9DEF00D4EFB9 /* UI */,
				60FAA0B5235D9F8100D4EFB9 /* Storage */,
				60B809BD2350259F006F815F /* Main.storyboard */,
				60B809B72350259F006F815F /* AppDelegate.swift */,
				60B809B92350259F006F815F /* SceneDelegate.swift */,
				60B809C0235025A1006F815F /* Assets.xcassets */,
				60B809C5235025A1006F815F /* Info.plist */,
			);
			path = "Note Taking";
			sourceTree = "<group>";
		};
		60FAA0B3235D9D0C00D4EFB9 /* Helpers */ = {
			isa = PBXGroup;
			children = (
				60B22DC2235C7F010049B235 /* NoteTakingCoreDataHelper.swift */,
				60B22DBA2359A9380049B235 /* NoteTakingDateHelper.swift */,
			);
			path = Helpers;
			sourceTree = "<group>";
		};
		60FAA0B4235D9DEF00D4EFB9 /* UI */ = {
			isa = PBXGroup;
			children = (
				60B22DAE23572BC40049B235 /* NoteListViewController.swift */,
				60B22DB223596BC80049B235 /* NoteListTableViewCell.swift */,
				60B809BB2350259F006F815F /* EditNoteViewController.swift */,
			);
			path = UI;
			sourceTree = "<group>";
		};
		60FAA0B5235D9F8100D4EFB9 /* Storage */ = {
			isa = PBXGroup;
			children = (
				60B22DBE235C74290049B235 /* NoteTakingStorage.swift */,
			);
			path = Storage;
			sourceTree = "<group>";
		};
/* End PBXGroup section */

/* Begin PBXNativeTarget section */
		60B809B32350259F006F815F /* Note Taking */ = {
			isa = PBXNativeTarget;
			buildConfigurationList = 60B809C8235025A1006F815F /* Build configuration list for PBXNativeTarget "Note Taking" */;
			buildPhases = (
				60B809B02350259F006F815F /* Sources */,
				60B809B12350259F006F815F /* Frameworks */,
				60B809B22350259F006F815F /* Resources */,
			);
			buildRules = (
			);
			dependencies = (
			);
			name = "Note Taking";
			productName = "Note Taking";
			productReference = 60B809B42350259F006F815F /* Note Taking.app */;
			productType = "com.apple.product-type.application";
		};
/* End PBXNativeTarget section */

/* Begin PBXProject section */
		60B809AC2350259F006F815F /* Project object */ = {
			isa = PBXProject;
			attributes = {
				LastSwiftUpdateCheck = 1100;
				LastUpgradeCheck = 1100;
				ORGANIZATIONNAME = Truc;
				TargetAttributes = {
					60B809B32350259F006F815F = {
						CreatedOnToolsVersion = 11.0;
					};
				};
			};
			buildConfigurationList = 60B809AF2350259F006F815F /* Build configuration list for PBXProject "Note Taking" */;
			compatibilityVersion = "Xcode 9.3";
			developmentRegion = en;
			hasScannedForEncodings = 0;
			knownRegions = (
				en,
				Base,
			);
			mainGroup = 60B809AB2350259F006F815F;
			productRefGroup = 60B809B52350259F006F815F /* Products */;
			projectDirPath = "";
			projectRoot = "";
			targets = (
				60B809B32350259F006F815F /* Note Taking */,
			);
		};
/* End PBXProject section */

/* Begin PBXResourcesBuildPhase section */
		60B809B22350259F006F815F /* Resources */ = {
			isa = PBXResourcesBuildPhase;
			buildActionMask = 2147483647;
			files = (
				36A1E72F235EC38C00566D26 /* nl.js in Resources */,
				36A1E728235EC38C00566D26 /* ku.js in Resources */,
				36A1E720235EC38C00566D26 /* nb.js in Resources */,
				36A1E721235EC38C00566D26 /* zh-cn.js in Resources */,
				36A1E730235EC38C00566D26 /* en-gb.js in Resources */,
				36A1E729235EC38C00566D26 /* sv.js in Resources */,
				36A1E72D235EC38C00566D26 /* km.js in Resources */,
				36A1E719235EC38C00566D26 /* bg.js in Resources */,
				36A1E72E235EC38C00566D26 /* fr.js in Resources */,
				36A1E733235EC38C00566D26 /* lt.js in Resources */,
				36A1E71A235EC38C00566D26 /* ne.js in Resources */,
				36A1E71D235EC38C00566D26 /* az.js in Resources */,
				36A1E712235EC38C00566D26 /* sq.js in Resources */,
				36A1E725235EC38C00566D26 /* da.js in Resources */,
				36A1E70C235EC38C00566D26 /* ms.js in Resources */,
				36A1E734235EC38C00566D26 /* ar.js in Resources */,
				36A1E70A235EC38C00566D26 /* ko.js in Resources */,
				36A1E70B235EC38C00566D26 /* hr.js in Resources */,
				36A1E705235EC38C00566D26 /* lv.js in Resources */,
				36A1E708235EC38C00566D26 /* el.js in Resources */,
				36A1E736235EC38C00566D26 /* sk.js in Resources */,
				36A1E72C235EC38C00566D26 /* cs.js in Resources */,
				36A1E703235EC38C00566D26 /* pt.js in Resources */,
				36A1E71C235EC38C00566D26 /* id.js in Resources */,
				36A1E702235EC38C00566D26 /* sr-latn.js in Resources */,
				36A1E722235EC38C00566D26 /* de-ch.js in Resources */,
				36A1E717235EC38C00566D26 /* he.js in Resources */,
				36A1E706235EC38C00566D26 /* gl.js in Resources */,
				36A1E716235EC38C00566D26 /* ja.js in Resources */,
				36A1E6FB235EC38C00566D26 /* editNote.html in Resources */,
				36A1E718235EC38C00566D26 /* ug.js in Resources */,
				36A1E711235EC38C00566D26 /* kn.js in Resources */,
				36A1E723235EC38C00566D26 /* pt-br.js in Resources */,
				36A1E73A235EC38C00566D26 /* ro.js in Resources */,
				36A1E724235EC38C00566D26 /* oc.js in Resources */,
				36A1E704235EC38C00566D26 /* vi.js in Resources */,
				36A1E714235EC38C00566D26 /* si.js in Resources */,
				36A1E713235EC38C00566D26 /* gu.js in Resources */,
				36A1E707235EC38C00566D26 /* pl.js in Resources */,
				36A1E70F235EC38C00566D26 /* eu.js in Resources */,
				36A1E737235EC38C00566D26 /* it.js in Resources */,
				36A1E738235EC38C00566D26 /* es.js in Resources */,
				36A1E735235EC38C00566D26 /* ast.js in Resources */,
				36A1E726235EC38C00566D26 /* fa.js in Resources */,
				36A1E732235EC38C00566D26 /* hu.js in Resources */,
				36A1E73B235EC38C00566D26 /* tr.js in Resources */,
				36A1E70E235EC38C00566D26 /* ru.js in Resources */,
				36A1E739235EC38C00566D26 /* eo.js in Resources */,
				36A1E71B235EC38C00566D26 /* af.js in Resources */,
				36A1E709235EC38C00566D26 /* et.js in Resources */,
				60B809C1235025A1006F815F /* Assets.xcassets in Resources */,
				36A1E701235EC38C00566D26 /* bg.png in Resources */,
				60B809BF2350259F006F815F /* Main.storyboard in Resources */,
				36A1E70D235EC38C00566D26 /* fi.js in Resources */,
				36A1E6FF235EC38C00566D26 /* umbrellas.jpg in Resources */,
				36A1E72A235EC38C00566D26 /* zh.js in Resources */,
				36A1E727235EC38C00566D26 /* de.js in Resources */,
				36A1E71E235EC38C00566D26 /* en-au.js in Resources */,
				36A1E6FC235EC38C00566D26 /* ckeditor.js in Resources */,
				36A1E715235EC38C00566D26 /* tt.js in Resources */,
				36A1E72B235EC38C00566D26 /* uk.js in Resources */,
				36A1E731235EC38C00566D26 /* sr.js in Resources */,
				36A1E6FD235EC38C00566D26 /* sample.css in Resources */,
				36A1E710235EC38C00566D26 /* no.js in Resources */,
				36A1E71F235EC38C00566D26 /* ca.js in Resources */,
				36A1E6FE235EC38C00566D26 /* github.svg in Resources */,
				36A1E700235EC38C00566D26 /* logo.svg in Resources */,
			);
			runOnlyForDeploymentPostprocessing = 0;
		};
/* End PBXResourcesBuildPhase section */

/* Begin PBXSourcesBuildPhase section */
		60B809B02350259F006F815F /* Sources */ = {
			isa = PBXSourcesBuildPhase;
			buildActionMask = 2147483647;
			files = (
				60B22DC3235C7F010049B235 /* NoteTakingCoreDataHelper.swift in Sources */,
				60B809BC2350259F006F815F /* EditNoteViewController.swift in Sources */,
				60B22DB6235974620049B235 /* TakingNoteData.xcdatamodeld in Sources */,
				3619498F235EF2FB00F1C065 /* String+Ext.swift in Sources */,
				60B809B82350259F006F815F /* AppDelegate.swift in Sources */,
				60B22DBF235C74290049B235 /* NoteTakingStorage.swift in Sources */,
				60B22DAF23572BC40049B235 /* NoteListViewController.swift in Sources */,
				60B809BA2350259F006F815F /* SceneDelegate.swift in Sources */,
				60B22DB323596BC80049B235 /* NoteListTableViewCell.swift in Sources */,
				60B22DBB2359A9380049B235 /* NoteTakingDateHelper.swift in Sources */,
				60B22DB8235977F60049B235 /* Date+Ext.swift in Sources */,
				36194992235F14DC00F1C065 /* Notification+Ext.swift in Sources */,
				60B855DE235067F6006F815F /* Note.swift in Sources */,
			);
			runOnlyForDeploymentPostprocessing = 0;
		};
/* End PBXSourcesBuildPhase section */

/* Begin PBXVariantGroup section */
		60B809BD2350259F006F815F /* Main.storyboard */ = {
			isa = PBXVariantGroup;
			children = (
				60B809BE2350259F006F815F /* Base */,
			);
			name = Main.storyboard;
			sourceTree = "<group>";
		};
/* End PBXVariantGroup section */

/* Begin XCBuildConfiguration section */
		60B809C6235025A1006F815F /* Debug */ = {
			isa = XCBuildConfiguration;
			buildSettings = {
				ALWAYS_SEARCH_USER_PATHS = NO;
				CLANG_ANALYZER_NONNULL = YES;
				CLANG_ANALYZER_NUMBER_OBJECT_CONVERSION = YES_AGGRESSIVE;
				CLANG_CXX_LANGUAGE_STANDARD = "gnu++14";
				CLANG_CXX_LIBRARY = "libc++";
				CLANG_ENABLE_MODULES = YES;
				CLANG_ENABLE_OBJC_ARC = YES;
				CLANG_ENABLE_OBJC_WEAK = YES;
				CLANG_WARN_BLOCK_CAPTURE_AUTORELEASING = YES;
				CLANG_WARN_BOOL_CONVERSION = YES;
				CLANG_WARN_COMMA = YES;
				CLANG_WARN_CONSTANT_CONVERSION = YES;
				CLANG_WARN_DEPRECATED_OBJC_IMPLEMENTATIONS = YES;
				CLANG_WARN_DIRECT_OBJC_ISA_USAGE = YES_ERROR;
				CLANG_WARN_DOCUMENTATION_COMMENTS = YES;
				CLANG_WARN_EMPTY_BODY = YES;
				CLANG_WARN_ENUM_CONVERSION = YES;
				CLANG_WARN_INFINITE_RECURSION = YES;
				CLANG_WARN_INT_CONVERSION = YES;
				CLANG_WARN_NON_LITERAL_NULL_CONVERSION = YES;
				CLANG_WARN_OBJC_IMPLICIT_RETAIN_SELF = YES;
				CLANG_WARN_OBJC_LITERAL_CONVERSION = YES;
				CLANG_WARN_OBJC_ROOT_CLASS = YES_ERROR;
				CLANG_WARN_RANGE_LOOP_ANALYSIS = YES;
				CLANG_WARN_STRICT_PROTOTYPES = YES;
				CLANG_WARN_SUSPICIOUS_MOVE = YES;
				CLANG_WARN_UNGUARDED_AVAILABILITY = YES_AGGRESSIVE;
				CLANG_WARN_UNREACHABLE_CODE = YES;
				CLANG_WARN__DUPLICATE_METHOD_MATCH = YES;
				COPY_PHASE_STRIP = NO;
				DEBUG_INFORMATION_FORMAT = dwarf;
				ENABLE_STRICT_OBJC_MSGSEND = YES;
				ENABLE_TESTABILITY = YES;
				GCC_C_LANGUAGE_STANDARD = gnu11;
				GCC_DYNAMIC_NO_PIC = NO;
				GCC_NO_COMMON_BLOCKS = YES;
				GCC_OPTIMIZATION_LEVEL = 0;
				GCC_PREPROCESSOR_DEFINITIONS = (
					"DEBUG=1",
					"$(inherited)",
				);
				GCC_WARN_64_TO_32_BIT_CONVERSION = YES;
				GCC_WARN_ABOUT_RETURN_TYPE = YES_ERROR;
				GCC_WARN_UNDECLARED_SELECTOR = YES;
				GCC_WARN_UNINITIALIZED_AUTOS = YES_AGGRESSIVE;
				GCC_WARN_UNUSED_FUNCTION = YES;
				GCC_WARN_UNUSED_VARIABLE = YES;
				IPHONEOS_DEPLOYMENT_TARGET = 13.0;
				MTL_ENABLE_DEBUG_INFO = INCLUDE_SOURCE;
				MTL_FAST_MATH = YES;
				ONLY_ACTIVE_ARCH = YES;
				SDKROOT = iphoneos;
				SWIFT_ACTIVE_COMPILATION_CONDITIONS = DEBUG;
				SWIFT_OPTIMIZATION_LEVEL = "-Onone";
			};
			name = Debug;
		};
		60B809C7235025A1006F815F /* Release */ = {
			isa = XCBuildConfiguration;
			buildSettings = {
				ALWAYS_SEARCH_USER_PATHS = NO;
				CLANG_ANALYZER_NONNULL = YES;
				CLANG_ANALYZER_NUMBER_OBJECT_CONVERSION = YES_AGGRESSIVE;
				CLANG_CXX_LANGUAGE_STANDARD = "gnu++14";
				CLANG_CXX_LIBRARY = "libc++";
				CLANG_ENABLE_MODULES = YES;
				CLANG_ENABLE_OBJC_ARC = YES;
				CLANG_ENABLE_OBJC_WEAK = YES;
				CLANG_WARN_BLOCK_CAPTURE_AUTORELEASING = YES;
				CLANG_WARN_BOOL_CONVERSION = YES;
				CLANG_WARN_COMMA = YES;
				CLANG_WARN_CONSTANT_CONVERSION = YES;
				CLANG_WARN_DEPRECATED_OBJC_IMPLEMENTATIONS = YES;
				CLANG_WARN_DIRECT_OBJC_ISA_USAGE = YES_ERROR;
				CLANG_WARN_DOCUMENTATION_COMMENTS = YES;
				CLANG_WARN_EMPTY_BODY = YES;
				CLANG_WARN_ENUM_CONVERSION = YES;
				CLANG_WARN_INFINITE_RECURSION = YES;
				CLANG_WARN_INT_CONVERSION = YES;
				CLANG_WARN_NON_LITERAL_NULL_CONVERSION = YES;
				CLANG_WARN_OBJC_IMPLICIT_RETAIN_SELF = YES;
				CLANG_WARN_OBJC_LITERAL_CONVERSION = YES;
				CLANG_WARN_OBJC_ROOT_CLASS = YES_ERROR;
				CLANG_WARN_RANGE_LOOP_ANALYSIS = YES;
				CLANG_WARN_STRICT_PROTOTYPES = YES;
				CLANG_WARN_SUSPICIOUS_MOVE = YES;
				CLANG_WARN_UNGUARDED_AVAILABILITY = YES_AGGRESSIVE;
				CLANG_WARN_UNREACHABLE_CODE = YES;
				CLANG_WARN__DUPLICATE_METHOD_MATCH = YES;
				COPY_PHASE_STRIP = NO;
				DEBUG_INFORMATION_FORMAT = "dwarf-with-dsym";
				ENABLE_NS_ASSERTIONS = NO;
				ENABLE_STRICT_OBJC_MSGSEND = YES;
				GCC_C_LANGUAGE_STANDARD = gnu11;
				GCC_NO_COMMON_BLOCKS = YES;
				GCC_WARN_64_TO_32_BIT_CONVERSION = YES;
				GCC_WARN_ABOUT_RETURN_TYPE = YES_ERROR;
				GCC_WARN_UNDECLARED_SELECTOR = YES;
				GCC_WARN_UNINITIALIZED_AUTOS = YES_AGGRESSIVE;
				GCC_WARN_UNUSED_FUNCTION = YES;
				GCC_WARN_UNUSED_VARIABLE = YES;
				IPHONEOS_DEPLOYMENT_TARGET = 13.0;
				MTL_ENABLE_DEBUG_INFO = NO;
				MTL_FAST_MATH = YES;
				SDKROOT = iphoneos;
				SWIFT_COMPILATION_MODE = wholemodule;
				SWIFT_OPTIMIZATION_LEVEL = "-O";
				VALIDATE_PRODUCT = YES;
			};
			name = Release;
		};
		60B809C9235025A1006F815F /* Debug */ = {
			isa = XCBuildConfiguration;
			buildSettings = {
				ASSETCATALOG_COMPILER_APPICON_NAME = AppIcon;
				CODE_SIGN_STYLE = Automatic;
				INFOPLIST_FILE = "Note Taking/Info.plist";
				LD_RUNPATH_SEARCH_PATHS = (
					"$(inherited)",
					"@executable_path/Frameworks",
				);
				PRODUCT_BUNDLE_IDENTIFIER = "com.truc.Note-Taking";
				PRODUCT_NAME = "$(TARGET_NAME)";
				SWIFT_VERSION = 5.0;
				TARGETED_DEVICE_FAMILY = "1,2";
			};
			name = Debug;
		};
		60B809CA235025A1006F815F /* Release */ = {
			isa = XCBuildConfiguration;
			buildSettings = {
				ASSETCATALOG_COMPILER_APPICON_NAME = AppIcon;
				CODE_SIGN_STYLE = Automatic;
				INFOPLIST_FILE = "Note Taking/Info.plist";
				LD_RUNPATH_SEARCH_PATHS = (
					"$(inherited)",
					"@executable_path/Frameworks",
				);
				PRODUCT_BUNDLE_IDENTIFIER = "com.truc.Note-Taking";
				PRODUCT_NAME = "$(TARGET_NAME)";
				SWIFT_VERSION = 5.0;
				TARGETED_DEVICE_FAMILY = "1,2";
			};
			name = Release;
		};
/* End XCBuildConfiguration section */

/* Begin XCConfigurationList section */
		60B809AF2350259F006F815F /* Build configuration list for PBXProject "Note Taking" */ = {
			isa = XCConfigurationList;
			buildConfigurations = (
				60B809C6235025A1006F815F /* Debug */,
				60B809C7235025A1006F815F /* Release */,
			);
			defaultConfigurationIsVisible = 0;
			defaultConfigurationName = Release;
		};
		60B809C8235025A1006F815F /* Build configuration list for PBXNativeTarget "Note Taking" */ = {
			isa = XCConfigurationList;
			buildConfigurations = (
				60B809C9235025A1006F815F /* Debug */,
				60B809CA235025A1006F815F /* Release */,
			);
			defaultConfigurationIsVisible = 0;
			defaultConfigurationName = Release;
		};
/* End XCConfigurationList section */

/* Begin XCVersionGroup section */
		60B22DB4235974620049B235 /* TakingNoteData.xcdatamodeld */ = {
			isa = XCVersionGroup;
			children = (
				60B22DB5235974620049B235 /* TakingNoteData.xcdatamodel */,
			);
			currentVersion = 60B22DB5235974620049B235 /* TakingNoteData.xcdatamodel */;
			path = TakingNoteData.xcdatamodeld;
			sourceTree = "<group>";
			versionGroupType = wrapper.xcdatamodel;
		};
/* End XCVersionGroup section */
	};
	rootObject = 60B809AC2350259F006F815F /* Project object */;
}
