// !$*UTF8*$!
{
	archiveVersion = 1;
	classes = {
	};
	objectVersion = 50;
	objects = {

/* Begin PBXBuildFile section */
		6054504E23508584005564D8 /* index.html in Resources */ = {isa = PBXBuildFile; fileRef = 6054500623508584005564D8 /* index.html */; };
		6054504F23508584005564D8 /* ckeditor.js in Resources */ = {isa = PBXBuildFile; fileRef = 6054500723508584005564D8 /* ckeditor.js */; };
		6054505123508584005564D8 /* sample.css in Resources */ = {isa = PBXBuildFile; fileRef = 6054500B23508584005564D8 /* sample.css */; };
		6054505623508584005564D8 /* sr-latn.js in Resources */ = {isa = PBXBuildFile; fileRef = 6054501323508584005564D8 /* sr-latn.js */; };
		6054505723508584005564D8 /* pt.js in Resources */ = {isa = PBXBuildFile; fileRef = 6054501423508584005564D8 /* pt.js */; };
		6054505823508584005564D8 /* vi.js in Resources */ = {isa = PBXBuildFile; fileRef = 6054501523508584005564D8 /* vi.js */; };
		6054505923508584005564D8 /* lv.js in Resources */ = {isa = PBXBuildFile; fileRef = 6054501623508584005564D8 /* lv.js */; };
		6054505A23508584005564D8 /* gl.js in Resources */ = {isa = PBXBuildFile; fileRef = 6054501723508584005564D8 /* gl.js */; };
		6054505B23508584005564D8 /* pl.js in Resources */ = {isa = PBXBuildFile; fileRef = 6054501823508584005564D8 /* pl.js */; };
		6054505C23508584005564D8 /* el.js in Resources */ = {isa = PBXBuildFile; fileRef = 6054501923508584005564D8 /* el.js */; };
		6054505D23508584005564D8 /* et.js in Resources */ = {isa = PBXBuildFile; fileRef = 6054501A23508584005564D8 /* et.js */; };
		6054505E23508584005564D8 /* ko.js in Resources */ = {isa = PBXBuildFile; fileRef = 6054501B23508584005564D8 /* ko.js */; };
		6054505F23508584005564D8 /* hr.js in Resources */ = {isa = PBXBuildFile; fileRef = 6054501C23508584005564D8 /* hr.js */; };
		6054506023508584005564D8 /* ms.js in Resources */ = {isa = PBXBuildFile; fileRef = 6054501D23508584005564D8 /* ms.js */; };
		6054506123508584005564D8 /* fi.js in Resources */ = {isa = PBXBuildFile; fileRef = 6054501E23508584005564D8 /* fi.js */; };
		6054506223508584005564D8 /* ru.js in Resources */ = {isa = PBXBuildFile; fileRef = 6054501F23508584005564D8 /* ru.js */; };
		6054506323508584005564D8 /* eu.js in Resources */ = {isa = PBXBuildFile; fileRef = 6054502023508584005564D8 /* eu.js */; };
		6054506423508584005564D8 /* no.js in Resources */ = {isa = PBXBuildFile; fileRef = 6054502123508584005564D8 /* no.js */; };
		6054506523508584005564D8 /* kn.js in Resources */ = {isa = PBXBuildFile; fileRef = 6054502223508584005564D8 /* kn.js */; };
		6054506623508584005564D8 /* sq.js in Resources */ = {isa = PBXBuildFile; fileRef = 6054502323508584005564D8 /* sq.js */; };
		6054506723508584005564D8 /* gu.js in Resources */ = {isa = PBXBuildFile; fileRef = 6054502423508584005564D8 /* gu.js */; };
		6054506823508584005564D8 /* si.js in Resources */ = {isa = PBXBuildFile; fileRef = 6054502523508584005564D8 /* si.js */; };
		6054506923508584005564D8 /* tt.js in Resources */ = {isa = PBXBuildFile; fileRef = 6054502623508584005564D8 /* tt.js */; };
		6054506A23508584005564D8 /* ja.js in Resources */ = {isa = PBXBuildFile; fileRef = 6054502723508584005564D8 /* ja.js */; };
		6054506B23508584005564D8 /* he.js in Resources */ = {isa = PBXBuildFile; fileRef = 6054502823508584005564D8 /* he.js */; };
		6054506C23508584005564D8 /* ug.js in Resources */ = {isa = PBXBuildFile; fileRef = 6054502923508584005564D8 /* ug.js */; };
		6054506D23508584005564D8 /* bg.js in Resources */ = {isa = PBXBuildFile; fileRef = 6054502A23508584005564D8 /* bg.js */; };
		6054506E23508584005564D8 /* ne.js in Resources */ = {isa = PBXBuildFile; fileRef = 6054502B23508584005564D8 /* ne.js */; };
		6054506F23508584005564D8 /* af.js in Resources */ = {isa = PBXBuildFile; fileRef = 6054502C23508584005564D8 /* af.js */; };
		6054507023508584005564D8 /* id.js in Resources */ = {isa = PBXBuildFile; fileRef = 6054502D23508584005564D8 /* id.js */; };
		6054507123508584005564D8 /* az.js in Resources */ = {isa = PBXBuildFile; fileRef = 6054502E23508584005564D8 /* az.js */; };
		6054507223508584005564D8 /* en-au.js in Resources */ = {isa = PBXBuildFile; fileRef = 6054502F23508584005564D8 /* en-au.js */; };
		6054507323508584005564D8 /* ca.js in Resources */ = {isa = PBXBuildFile; fileRef = 6054503023508584005564D8 /* ca.js */; };
		6054507423508584005564D8 /* nb.js in Resources */ = {isa = PBXBuildFile; fileRef = 6054503123508584005564D8 /* nb.js */; };
		6054507523508584005564D8 /* zh-cn.js in Resources */ = {isa = PBXBuildFile; fileRef = 6054503223508584005564D8 /* zh-cn.js */; };
		6054507623508584005564D8 /* de-ch.js in Resources */ = {isa = PBXBuildFile; fileRef = 6054503323508584005564D8 /* de-ch.js */; };
		6054507723508584005564D8 /* pt-br.js in Resources */ = {isa = PBXBuildFile; fileRef = 6054503423508584005564D8 /* pt-br.js */; };
		6054507823508584005564D8 /* oc.js in Resources */ = {isa = PBXBuildFile; fileRef = 6054503523508584005564D8 /* oc.js */; };
		6054507923508584005564D8 /* da.js in Resources */ = {isa = PBXBuildFile; fileRef = 6054503623508584005564D8 /* da.js */; };
		6054507A23508584005564D8 /* fa.js in Resources */ = {isa = PBXBuildFile; fileRef = 6054503723508584005564D8 /* fa.js */; };
		6054507B23508584005564D8 /* de.js in Resources */ = {isa = PBXBuildFile; fileRef = 6054503823508584005564D8 /* de.js */; };
		6054507C23508584005564D8 /* ku.js in Resources */ = {isa = PBXBuildFile; fileRef = 6054503923508584005564D8 /* ku.js */; };
		6054507D23508584005564D8 /* sv.js in Resources */ = {isa = PBXBuildFile; fileRef = 6054503A23508584005564D8 /* sv.js */; };
		6054507E23508584005564D8 /* zh.js in Resources */ = {isa = PBXBuildFile; fileRef = 6054503B23508584005564D8 /* zh.js */; };
		6054507F23508584005564D8 /* uk.js in Resources */ = {isa = PBXBuildFile; fileRef = 6054503C23508584005564D8 /* uk.js */; };
		6054508023508584005564D8 /* cs.js in Resources */ = {isa = PBXBuildFile; fileRef = 6054503D23508584005564D8 /* cs.js */; };
		6054508123508584005564D8 /* km.js in Resources */ = {isa = PBXBuildFile; fileRef = 6054503E23508584005564D8 /* km.js */; };
		6054508223508584005564D8 /* fr.js in Resources */ = {isa = PBXBuildFile; fileRef = 6054503F23508584005564D8 /* fr.js */; };
		6054508323508584005564D8 /* nl.js in Resources */ = {isa = PBXBuildFile; fileRef = 6054504023508584005564D8 /* nl.js */; };
		6054508423508584005564D8 /* en-gb.js in Resources */ = {isa = PBXBuildFile; fileRef = 6054504123508584005564D8 /* en-gb.js */; };
		6054508523508584005564D8 /* sr.js in Resources */ = {isa = PBXBuildFile; fileRef = 6054504223508584005564D8 /* sr.js */; };
		6054508623508584005564D8 /* hu.js in Resources */ = {isa = PBXBuildFile; fileRef = 6054504323508584005564D8 /* hu.js */; };
		6054508723508584005564D8 /* lt.js in Resources */ = {isa = PBXBuildFile; fileRef = 6054504423508584005564D8 /* lt.js */; };
		6054508823508584005564D8 /* ar.js in Resources */ = {isa = PBXBuildFile; fileRef = 6054504523508584005564D8 /* ar.js */; };
		6054508923508584005564D8 /* ast.js in Resources */ = {isa = PBXBuildFile; fileRef = 6054504623508584005564D8 /* ast.js */; };
		6054508A23508584005564D8 /* sk.js in Resources */ = {isa = PBXBuildFile; fileRef = 6054504723508584005564D8 /* sk.js */; };
		6054508B23508584005564D8 /* it.js in Resources */ = {isa = PBXBuildFile; fileRef = 6054504823508584005564D8 /* it.js */; };
		6054508C23508584005564D8 /* es.js in Resources */ = {isa = PBXBuildFile; fileRef = 6054504923508584005564D8 /* es.js */; };
		6054508D23508584005564D8 /* eo.js in Resources */ = {isa = PBXBuildFile; fileRef = 6054504A23508584005564D8 /* eo.js */; };
		6054508E23508584005564D8 /* ro.js in Resources */ = {isa = PBXBuildFile; fileRef = 6054504B23508584005564D8 /* ro.js */; };
		6054508F23508584005564D8 /* tr.js in Resources */ = {isa = PBXBuildFile; fileRef = 6054504C23508584005564D8 /* tr.js */; };
		60B809B82350259F006F815F /* AppDelegate.swift in Sources */ = {isa = PBXBuildFile; fileRef = 60B809B72350259F006F815F /* AppDelegate.swift */; };
		60B809BA2350259F006F815F /* SceneDelegate.swift in Sources */ = {isa = PBXBuildFile; fileRef = 60B809B92350259F006F815F /* SceneDelegate.swift */; };
		60B809BC2350259F006F815F /* EditNoteViewController.swift in Sources */ = {isa = PBXBuildFile; fileRef = 60B809BB2350259F006F815F /* EditNoteViewController.swift */; };
		60B809BF2350259F006F815F /* Main.storyboard in Resources */ = {isa = PBXBuildFile; fileRef = 60B809BD2350259F006F815F /* Main.storyboard */; };
		60B809C1235025A1006F815F /* Assets.xcassets in Resources */ = {isa = PBXBuildFile; fileRef = 60B809C0235025A1006F815F /* Assets.xcassets */; };
		60B855DE235067F6006F815F /* Note.swift in Sources */ = {isa = PBXBuildFile; fileRef = 60B855DD235067F6006F815F /* Note.swift */; };
/* End PBXBuildFile section */

/* Begin PBXFileReference section */
		6054500623508584005564D8 /* index.html */ = {isa = PBXFileReference; fileEncoding = 4; lastKnownFileType = text.html; path = index.html; sourceTree = "<group>"; };
		6054500723508584005564D8 /* ckeditor.js */ = {isa = PBXFileReference; fileEncoding = 4; lastKnownFileType = sourcecode.javascript; path = ckeditor.js; sourceTree = "<group>"; };
		6054500B23508584005564D8 /* sample.css */ = {isa = PBXFileReference; fileEncoding = 4; lastKnownFileType = text.css; path = sample.css; sourceTree = "<group>"; };
		6054501123508584005564D8 /* ckeditor.js.map */ = {isa = PBXFileReference; fileEncoding = 4; lastKnownFileType = "sourcecode.module-map"; path = ckeditor.js.map; sourceTree = "<group>"; };
		6054501323508584005564D8 /* sr-latn.js */ = {isa = PBXFileReference; fileEncoding = 4; lastKnownFileType = sourcecode.javascript; path = "sr-latn.js"; sourceTree = "<group>"; };
		6054501423508584005564D8 /* pt.js */ = {isa = PBXFileReference; fileEncoding = 4; lastKnownFileType = sourcecode.javascript; path = pt.js; sourceTree = "<group>"; };
		6054501523508584005564D8 /* vi.js */ = {isa = PBXFileReference; fileEncoding = 4; lastKnownFileType = sourcecode.javascript; path = vi.js; sourceTree = "<group>"; };
		6054501623508584005564D8 /* lv.js */ = {isa = PBXFileReference; fileEncoding = 4; lastKnownFileType = sourcecode.javascript; path = lv.js; sourceTree = "<group>"; };
		6054501723508584005564D8 /* gl.js */ = {isa = PBXFileReference; fileEncoding = 4; lastKnownFileType = sourcecode.javascript; path = gl.js; sourceTree = "<group>"; };
		6054501823508584005564D8 /* pl.js */ = {isa = PBXFileReference; fileEncoding = 4; lastKnownFileType = sourcecode.javascript; path = pl.js; sourceTree = "<group>"; };
		6054501923508584005564D8 /* el.js */ = {isa = PBXFileReference; fileEncoding = 4; lastKnownFileType = sourcecode.javascript; path = el.js; sourceTree = "<group>"; };
		6054501A23508584005564D8 /* et.js */ = {isa = PBXFileReference; fileEncoding = 4; lastKnownFileType = sourcecode.javascript; path = et.js; sourceTree = "<group>"; };
		6054501B23508584005564D8 /* ko.js */ = {isa = PBXFileReference; fileEncoding = 4; lastKnownFileType = sourcecode.javascript; path = ko.js; sourceTree = "<group>"; };
		6054501C23508584005564D8 /* hr.js */ = {isa = PBXFileReference; fileEncoding = 4; lastKnownFileType = sourcecode.javascript; path = hr.js; sourceTree = "<group>"; };
		6054501D23508584005564D8 /* ms.js */ = {isa = PBXFileReference; fileEncoding = 4; lastKnownFileType = sourcecode.javascript; path = ms.js; sourceTree = "<group>"; };
		6054501E23508584005564D8 /* fi.js */ = {isa = PBXFileReference; fileEncoding = 4; lastKnownFileType = sourcecode.javascript; path = fi.js; sourceTree = "<group>"; };
		6054501F23508584005564D8 /* ru.js */ = {isa = PBXFileReference; fileEncoding = 4; lastKnownFileType = sourcecode.javascript; path = ru.js; sourceTree = "<group>"; };
		6054502023508584005564D8 /* eu.js */ = {isa = PBXFileReference; fileEncoding = 4; lastKnownFileType = sourcecode.javascript; path = eu.js; sourceTree = "<group>"; };
		6054502123508584005564D8 /* no.js */ = {isa = PBXFileReference; fileEncoding = 4; lastKnownFileType = sourcecode.javascript; path = no.js; sourceTree = "<group>"; };
		6054502223508584005564D8 /* kn.js */ = {isa = PBXFileReference; fileEncoding = 4; lastKnownFileType = sourcecode.javascript; path = kn.js; sourceTree = "<group>"; };
		6054502323508584005564D8 /* sq.js */ = {isa = PBXFileReference; fileEncoding = 4; lastKnownFileType = sourcecode.javascript; path = sq.js; sourceTree = "<group>"; };
		6054502423508584005564D8 /* gu.js */ = {isa = PBXFileReference; fileEncoding = 4; lastKnownFileType = sourcecode.javascript; path = gu.js; sourceTree = "<group>"; };
		6054502523508584005564D8 /* si.js */ = {isa = PBXFileReference; fileEncoding = 4; lastKnownFileType = sourcecode.javascript; path = si.js; sourceTree = "<group>"; };
		6054502623508584005564D8 /* tt.js */ = {isa = PBXFileReference; fileEncoding = 4; lastKnownFileType = sourcecode.javascript; path = tt.js; sourceTree = "<group>"; };
		6054502723508584005564D8 /* ja.js */ = {isa = PBXFileReference; fileEncoding = 4; lastKnownFileType = sourcecode.javascript; path = ja.js; sourceTree = "<group>"; };
		6054502823508584005564D8 /* he.js */ = {isa = PBXFileReference; fileEncoding = 4; lastKnownFileType = sourcecode.javascript; path = he.js; sourceTree = "<group>"; };
		6054502923508584005564D8 /* ug.js */ = {isa = PBXFileReference; fileEncoding = 4; lastKnownFileType = sourcecode.javascript; path = ug.js; sourceTree = "<group>"; };
		6054502A23508584005564D8 /* bg.js */ = {isa = PBXFileReference; fileEncoding = 4; lastKnownFileType = sourcecode.javascript; path = bg.js; sourceTree = "<group>"; };
		6054502B23508584005564D8 /* ne.js */ = {isa = PBXFileReference; fileEncoding = 4; lastKnownFileType = sourcecode.javascript; path = ne.js; sourceTree = "<group>"; };
		6054502C23508584005564D8 /* af.js */ = {isa = PBXFileReference; fileEncoding = 4; lastKnownFileType = sourcecode.javascript; path = af.js; sourceTree = "<group>"; };
		6054502D23508584005564D8 /* id.js */ = {isa = PBXFileReference; fileEncoding = 4; lastKnownFileType = sourcecode.javascript; path = id.js; sourceTree = "<group>"; };
		6054502E23508584005564D8 /* az.js */ = {isa = PBXFileReference; fileEncoding = 4; lastKnownFileType = sourcecode.javascript; path = az.js; sourceTree = "<group>"; };
		6054502F23508584005564D8 /* en-au.js */ = {isa = PBXFileReference; fileEncoding = 4; lastKnownFileType = sourcecode.javascript; path = "en-au.js"; sourceTree = "<group>"; };
		6054503023508584005564D8 /* ca.js */ = {isa = PBXFileReference; fileEncoding = 4; lastKnownFileType = sourcecode.javascript; path = ca.js; sourceTree = "<group>"; };
		6054503123508584005564D8 /* nb.js */ = {isa = PBXFileReference; fileEncoding = 4; lastKnownFileType = sourcecode.javascript; path = nb.js; sourceTree = "<group>"; };
		6054503223508584005564D8 /* zh-cn.js */ = {isa = PBXFileReference; fileEncoding = 4; lastKnownFileType = sourcecode.javascript; path = "zh-cn.js"; sourceTree = "<group>"; };
		6054503323508584005564D8 /* de-ch.js */ = {isa = PBXFileReference; fileEncoding = 4; lastKnownFileType = sourcecode.javascript; path = "de-ch.js"; sourceTree = "<group>"; };
		6054503423508584005564D8 /* pt-br.js */ = {isa = PBXFileReference; fileEncoding = 4; lastKnownFileType = sourcecode.javascript; path = "pt-br.js"; sourceTree = "<group>"; };
		6054503523508584005564D8 /* oc.js */ = {isa = PBXFileReference; fileEncoding = 4; lastKnownFileType = sourcecode.javascript; path = oc.js; sourceTree = "<group>"; };
		6054503623508584005564D8 /* da.js */ = {isa = PBXFileReference; fileEncoding = 4; lastKnownFileType = sourcecode.javascript; path = da.js; sourceTree = "<group>"; };
		6054503723508584005564D8 /* fa.js */ = {isa = PBXFileReference; fileEncoding = 4; lastKnownFileType = sourcecode.javascript; path = fa.js; sourceTree = "<group>"; };
		6054503823508584005564D8 /* de.js */ = {isa = PBXFileReference; fileEncoding = 4; lastKnownFileType = sourcecode.javascript; path = de.js; sourceTree = "<group>"; };
		6054503923508584005564D8 /* ku.js */ = {isa = PBXFileReference; fileEncoding = 4; lastKnownFileType = sourcecode.javascript; path = ku.js; sourceTree = "<group>"; };
		6054503A23508584005564D8 /* sv.js */ = {isa = PBXFileReference; fileEncoding = 4; lastKnownFileType = sourcecode.javascript; path = sv.js; sourceTree = "<group>"; };
		6054503B23508584005564D8 /* zh.js */ = {isa = PBXFileReference; fileEncoding = 4; lastKnownFileType = sourcecode.javascript; path = zh.js; sourceTree = "<group>"; };
		6054503C23508584005564D8 /* uk.js */ = {isa = PBXFileReference; fileEncoding = 4; lastKnownFileType = sourcecode.javascript; path = uk.js; sourceTree = "<group>"; };
		6054503D23508584005564D8 /* cs.js */ = {isa = PBXFileReference; fileEncoding = 4; lastKnownFileType = sourcecode.javascript; path = cs.js; sourceTree = "<group>"; };
		6054503E23508584005564D8 /* km.js */ = {isa = PBXFileReference; fileEncoding = 4; lastKnownFileType = sourcecode.javascript; path = km.js; sourceTree = "<group>"; };
		6054503F23508584005564D8 /* fr.js */ = {isa = PBXFileReference; fileEncoding = 4; lastKnownFileType = sourcecode.javascript; path = fr.js; sourceTree = "<group>"; };
		6054504023508584005564D8 /* nl.js */ = {isa = PBXFileReference; fileEncoding = 4; lastKnownFileType = sourcecode.javascript; path = nl.js; sourceTree = "<group>"; };
		6054504123508584005564D8 /* en-gb.js */ = {isa = PBXFileReference; fileEncoding = 4; lastKnownFileType = sourcecode.javascript; path = "en-gb.js"; sourceTree = "<group>"; };
		6054504223508584005564D8 /* sr.js */ = {isa = PBXFileReference; fileEncoding = 4; lastKnownFileType = sourcecode.javascript; path = sr.js; sourceTree = "<group>"; };
		6054504323508584005564D8 /* hu.js */ = {isa = PBXFileReference; fileEncoding = 4; lastKnownFileType = sourcecode.javascript; path = hu.js; sourceTree = "<group>"; };
		6054504423508584005564D8 /* lt.js */ = {isa = PBXFileReference; fileEncoding = 4; lastKnownFileType = sourcecode.javascript; path = lt.js; sourceTree = "<group>"; };
		6054504523508584005564D8 /* ar.js */ = {isa = PBXFileReference; fileEncoding = 4; lastKnownFileType = sourcecode.javascript; path = ar.js; sourceTree = "<group>"; };
		6054504623508584005564D8 /* ast.js */ = {isa = PBXFileReference; fileEncoding = 4; lastKnownFileType = sourcecode.javascript; path = ast.js; sourceTree = "<group>"; };
		6054504723508584005564D8 /* sk.js */ = {isa = PBXFileReference; fileEncoding = 4; lastKnownFileType = sourcecode.javascript; path = sk.js; sourceTree = "<group>"; };
		6054504823508584005564D8 /* it.js */ = {isa = PBXFileReference; fileEncoding = 4; lastKnownFileType = sourcecode.javascript; path = it.js; sourceTree = "<group>"; };
		6054504923508584005564D8 /* es.js */ = {isa = PBXFileReference; fileEncoding = 4; lastKnownFileType = sourcecode.javascript; path = es.js; sourceTree = "<group>"; };
		6054504A23508584005564D8 /* eo.js */ = {isa = PBXFileReference; fileEncoding = 4; lastKnownFileType = sourcecode.javascript; path = eo.js; sourceTree = "<group>"; };
		6054504B23508584005564D8 /* ro.js */ = {isa = PBXFileReference; fileEncoding = 4; lastKnownFileType = sourcecode.javascript; path = ro.js; sourceTree = "<group>"; };
		6054504C23508584005564D8 /* tr.js */ = {isa = PBXFileReference; fileEncoding = 4; lastKnownFileType = sourcecode.javascript; path = tr.js; sourceTree = "<group>"; };
		60B809B42350259F006F815F /* Note Taking.app */ = {isa = PBXFileReference; explicitFileType = wrapper.application; includeInIndex = 0; path = "Note Taking.app"; sourceTree = BUILT_PRODUCTS_DIR; };
		60B809B72350259F006F815F /* AppDelegate.swift */ = {isa = PBXFileReference; lastKnownFileType = sourcecode.swift; path = AppDelegate.swift; sourceTree = "<group>"; };
		60B809B92350259F006F815F /* SceneDelegate.swift */ = {isa = PBXFileReference; lastKnownFileType = sourcecode.swift; path = SceneDelegate.swift; sourceTree = "<group>"; };
		60B809BB2350259F006F815F /* EditNoteViewController.swift */ = {isa = PBXFileReference; lastKnownFileType = sourcecode.swift; path = EditNoteViewController.swift; sourceTree = "<group>"; };
		60B809BE2350259F006F815F /* Base */ = {isa = PBXFileReference; lastKnownFileType = file.storyboard; name = Base; path = Base.lproj/Main.storyboard; sourceTree = "<group>"; };
		60B809C0235025A1006F815F /* Assets.xcassets */ = {isa = PBXFileReference; lastKnownFileType = folder.assetcatalog; path = Assets.xcassets; sourceTree = "<group>"; };
		60B809C5235025A1006F815F /* Info.plist */ = {isa = PBXFileReference; lastKnownFileType = text.plist.xml; path = Info.plist; sourceTree = "<group>"; };
		60B855DD235067F6006F815F /* Note.swift */ = {isa = PBXFileReference; lastKnownFileType = sourcecode.swift; path = Note.swift; sourceTree = "<group>"; };
/* End PBXFileReference section */

/* Begin PBXFrameworksBuildPhase section */
		60B809B12350259F006F815F /* Frameworks */ = {
			isa = PBXFrameworksBuildPhase;
			buildActionMask = 2147483647;
			files = (
			);
			runOnlyForDeploymentPostprocessing = 0;
		};
/* End PBXFrameworksBuildPhase section */

/* Begin PBXGroup section */
		6054500423508584005564D8 /* ckeditor5 */ = {
			isa = PBXGroup;
			children = (
				6054500623508584005564D8 /* index.html */,
				6054500723508584005564D8 /* ckeditor.js */,
				6054500923508584005564D8 /* sample */,
				6054501123508584005564D8 /* ckeditor.js.map */,
				6054501223508584005564D8 /* translations */,
			);
			name = ckeditor5;
			path = ../../../../Downloads/ckeditor5;
			sourceTree = "<group>";
		};
		6054500923508584005564D8 /* sample */ = {
			isa = PBXGroup;
			children = (
				6054500A23508584005564D8 /* css */,
			);
			path = sample;
			sourceTree = "<group>";
		};
		6054500A23508584005564D8 /* css */ = {
			isa = PBXGroup;
			children = (
				6054500B23508584005564D8 /* sample.css */,
			);
			path = css;
			sourceTree = "<group>";
		};
		6054501223508584005564D8 /* translations */ = {
			isa = PBXGroup;
			children = (
				6054501323508584005564D8 /* sr-latn.js */,
				6054501423508584005564D8 /* pt.js */,
				6054501523508584005564D8 /* vi.js */,
				6054501623508584005564D8 /* lv.js */,
				6054501723508584005564D8 /* gl.js */,
				6054501823508584005564D8 /* pl.js */,
				6054501923508584005564D8 /* el.js */,
				6054501A23508584005564D8 /* et.js */,
				6054501B23508584005564D8 /* ko.js */,
				6054501C23508584005564D8 /* hr.js */,
				6054501D23508584005564D8 /* ms.js */,
				6054501E23508584005564D8 /* fi.js */,
				6054501F23508584005564D8 /* ru.js */,
				6054502023508584005564D8 /* eu.js */,
				6054502123508584005564D8 /* no.js */,
				6054502223508584005564D8 /* kn.js */,
				6054502323508584005564D8 /* sq.js */,
				6054502423508584005564D8 /* gu.js */,
				6054502523508584005564D8 /* si.js */,
				6054502623508584005564D8 /* tt.js */,
				6054502723508584005564D8 /* ja.js */,
				6054502823508584005564D8 /* he.js */,
				6054502923508584005564D8 /* ug.js */,
				6054502A23508584005564D8 /* bg.js */,
				6054502B23508584005564D8 /* ne.js */,
				6054502C23508584005564D8 /* af.js */,
				6054502D23508584005564D8 /* id.js */,
				6054502E23508584005564D8 /* az.js */,
				6054502F23508584005564D8 /* en-au.js */,
				6054503023508584005564D8 /* ca.js */,
				6054503123508584005564D8 /* nb.js */,
				6054503223508584005564D8 /* zh-cn.js */,
				6054503323508584005564D8 /* de-ch.js */,
				6054503423508584005564D8 /* pt-br.js */,
				6054503523508584005564D8 /* oc.js */,
				6054503623508584005564D8 /* da.js */,
				6054503723508584005564D8 /* fa.js */,
				6054503823508584005564D8 /* de.js */,
				6054503923508584005564D8 /* ku.js */,
				6054503A23508584005564D8 /* sv.js */,
				6054503B23508584005564D8 /* zh.js */,
				6054503C23508584005564D8 /* uk.js */,
				6054503D23508584005564D8 /* cs.js */,
				6054503E23508584005564D8 /* km.js */,
				6054503F23508584005564D8 /* fr.js */,
				6054504023508584005564D8 /* nl.js */,
				6054504123508584005564D8 /* en-gb.js */,
				6054504223508584005564D8 /* sr.js */,
				6054504323508584005564D8 /* hu.js */,
				6054504423508584005564D8 /* lt.js */,
				6054504523508584005564D8 /* ar.js */,
				6054504623508584005564D8 /* ast.js */,
				6054504723508584005564D8 /* sk.js */,
				6054504823508584005564D8 /* it.js */,
				6054504923508584005564D8 /* es.js */,
				6054504A23508584005564D8 /* eo.js */,
				6054504B23508584005564D8 /* ro.js */,
				6054504C23508584005564D8 /* tr.js */,
			);
			path = translations;
			sourceTree = "<group>";
		};
		605450902351EC68005564D8 /* App */ = {
			isa = PBXGroup;
			children = (
				60B809BB2350259F006F815F /* EditNoteViewController.swift */,
				60B809BD2350259F006F815F /* Main.storyboard */,
			);
			path = App;
			sourceTree = "<group>";
		};
		60B809AB2350259F006F815F = {
			isa = PBXGroup;
			children = (
				60B809B62350259F006F815F /* Note Taking */,
				60B809B52350259F006F815F /* Products */,
			);
			sourceTree = "<group>";
		};
		60B809B52350259F006F815F /* Products */ = {
			isa = PBXGroup;
			children = (
				60B809B42350259F006F815F /* Note Taking.app */,
			);
			name = Products;
			sourceTree = "<group>";
		};
		60B809B62350259F006F815F /* Note Taking */ = {
			isa = PBXGroup;
			children = (
				6054500423508584005564D8 /* ckeditor5 */,
				605450902351EC68005564D8 /* App */,
				60B855DC235067E6006F815F /* Model */,
				60B80A5823503562006F815F /* Extension */,
				60B809B72350259F006F815F /* AppDelegate.swift */,
				60B809B92350259F006F815F /* SceneDelegate.swift */,
				60B809C0235025A1006F815F /* Assets.xcassets */,
				60B809C5235025A1006F815F /* Info.plist */,
			);
			path = "Note Taking";
			sourceTree = "<group>";
		};
		60B80A5823503562006F815F /* Extension */ = {
			isa = PBXGroup;
			children = (
			);
			path = Extension;
			sourceTree = "<group>";
		};
		60B855DC235067E6006F815F /* Model */ = {
			isa = PBXGroup;
			children = (
				60B855DD235067F6006F815F /* Note.swift */,
			);
			path = Model;
			sourceTree = "<group>";
		};
/* End PBXGroup section */

/* Begin PBXNativeTarget section */
		60B809B32350259F006F815F /* Note Taking */ = {
			isa = PBXNativeTarget;
			buildConfigurationList = 60B809C8235025A1006F815F /* Build configuration list for PBXNativeTarget "Note Taking" */;
			buildPhases = (
				60B809B02350259F006F815F /* Sources */,
				60B809B12350259F006F815F /* Frameworks */,
				60B809B22350259F006F815F /* Resources */,
			);
			buildRules = (
			);
			dependencies = (
			);
			name = "Note Taking";
			productName = "Note Taking";
			productReference = 60B809B42350259F006F815F /* Note Taking.app */;
			productType = "com.apple.product-type.application";
		};
/* End PBXNativeTarget section */

/* Begin PBXProject section */
		60B809AC2350259F006F815F /* Project object */ = {
			isa = PBXProject;
			attributes = {
				LastSwiftUpdateCheck = 1100;
				LastUpgradeCheck = 1100;
				ORGANIZATIONNAME = Truc;
				TargetAttributes = {
					60B809B32350259F006F815F = {
						CreatedOnToolsVersion = 11.0;
					};
				};
			};
			buildConfigurationList = 60B809AF2350259F006F815F /* Build configuration list for PBXProject "Note Taking" */;
			compatibilityVersion = "Xcode 9.3";
			developmentRegion = en;
			hasScannedForEncodings = 0;
			knownRegions = (
				en,
				Base,
			);
			mainGroup = 60B809AB2350259F006F815F;
			productRefGroup = 60B809B52350259F006F815F /* Products */;
			projectDirPath = "";
			projectRoot = "";
			targets = (
				60B809B32350259F006F815F /* Note Taking */,
			);
		};
/* End PBXProject section */

/* Begin PBXResourcesBuildPhase section */
		60B809B22350259F006F815F /* Resources */ = {
			isa = PBXResourcesBuildPhase;
			buildActionMask = 2147483647;
			files = (
				6054508023508584005564D8 /* cs.js in Resources */,
				6054506A23508584005564D8 /* ja.js in Resources */,
				6054506723508584005564D8 /* gu.js in Resources */,
				6054506623508584005564D8 /* sq.js in Resources */,
				6054506423508584005564D8 /* no.js in Resources */,
				6054507823508584005564D8 /* oc.js in Resources */,
				6054505F23508584005564D8 /* hr.js in Resources */,
				6054507C23508584005564D8 /* ku.js in Resources */,
				6054507E23508584005564D8 /* zh.js in Resources */,
				6054508523508584005564D8 /* sr.js in Resources */,
				6054508423508584005564D8 /* en-gb.js in Resources */,
				6054505E23508584005564D8 /* ko.js in Resources */,
				6054508F23508584005564D8 /* tr.js in Resources */,
				6054507B23508584005564D8 /* de.js in Resources */,
				6054504E23508584005564D8 /* index.html in Resources */,
				6054504F23508584005564D8 /* ckeditor.js in Resources */,
				6054506523508584005564D8 /* kn.js in Resources */,
				6054508A23508584005564D8 /* sk.js in Resources */,
				6054505923508584005564D8 /* lv.js in Resources */,
				6054507223508584005564D8 /* en-au.js in Resources */,
				6054506023508584005564D8 /* ms.js in Resources */,
				6054507D23508584005564D8 /* sv.js in Resources */,
				6054505D23508584005564D8 /* et.js in Resources */,
				6054505723508584005564D8 /* pt.js in Resources */,
				6054506E23508584005564D8 /* ne.js in Resources */,
				6054508923508584005564D8 /* ast.js in Resources */,
				6054505A23508584005564D8 /* gl.js in Resources */,
				6054508123508584005564D8 /* km.js in Resources */,
				6054507323508584005564D8 /* ca.js in Resources */,
				6054508723508584005564D8 /* lt.js in Resources */,
				6054507A23508584005564D8 /* fa.js in Resources */,
				6054508B23508584005564D8 /* it.js in Resources */,
				6054507923508584005564D8 /* da.js in Resources */,
				6054508C23508584005564D8 /* es.js in Resources */,
				6054506F23508584005564D8 /* af.js in Resources */,
				6054505123508584005564D8 /* sample.css in Resources */,
				6054507F23508584005564D8 /* uk.js in Resources */,
				6054506823508584005564D8 /* si.js in Resources */,
				6054505623508584005564D8 /* sr-latn.js in Resources */,
				6054506D23508584005564D8 /* bg.js in Resources */,
				6054508823508584005564D8 /* ar.js in Resources */,
				6054507723508584005564D8 /* pt-br.js in Resources */,
				6054507023508584005564D8 /* id.js in Resources */,
				6054506C23508584005564D8 /* ug.js in Resources */,
				6054506123508584005564D8 /* fi.js in Resources */,
				6054508D23508584005564D8 /* eo.js in Resources */,
				6054507123508584005564D8 /* az.js in Resources */,
				6054506323508584005564D8 /* eu.js in Resources */,
				6054508223508584005564D8 /* fr.js in Resources */,
				6054507523508584005564D8 /* zh-cn.js in Resources */,
				6054505B23508584005564D8 /* pl.js in Resources */,
				6054508623508584005564D8 /* hu.js in Resources */,
				6054508323508584005564D8 /* nl.js in Resources */,
				6054508E23508584005564D8 /* ro.js in Resources */,
				6054506923508584005564D8 /* tt.js in Resources */,
				6054505C23508584005564D8 /* el.js in Resources */,
				60B809C1235025A1006F815F /* Assets.xcassets in Resources */,
				6054506B23508584005564D8 /* he.js in Resources */,
				6054505823508584005564D8 /* vi.js in Resources */,
				60B809BF2350259F006F815F /* Main.storyboard in Resources */,
				6054506223508584005564D8 /* ru.js in Resources */,
				6054507423508584005564D8 /* nb.js in Resources */,
				6054507623508584005564D8 /* de-ch.js in Resources */,
			);
			runOnlyForDeploymentPostprocessing = 0;
		};
/* End PBXResourcesBuildPhase section */

/* Begin PBXSourcesBuildPhase section */
		60B809B02350259F006F815F /* Sources */ = {
			isa = PBXSourcesBuildPhase;
			buildActionMask = 2147483647;
			files = (
				60B809BC2350259F006F815F /* EditNoteViewController.swift in Sources */,
				60B809B82350259F006F815F /* AppDelegate.swift in Sources */,
				60B809BA2350259F006F815F /* SceneDelegate.swift in Sources */,
				60B855DE235067F6006F815F /* Note.swift in Sources */,
			);
			runOnlyForDeploymentPostprocessing = 0;
		};
/* End PBXSourcesBuildPhase section */

/* Begin PBXVariantGroup section */
		60B809BD2350259F006F815F /* Main.storyboard */ = {
			isa = PBXVariantGroup;
			children = (
				60B809BE2350259F006F815F /* Base */,
			);
			name = Main.storyboard;
			sourceTree = "<group>";
		};
/* End PBXVariantGroup section */

/* Begin XCBuildConfiguration section */
		60B809C6235025A1006F815F /* Debug */ = {
			isa = XCBuildConfiguration;
			buildSettings = {
				ALWAYS_SEARCH_USER_PATHS = NO;
				CLANG_ANALYZER_NONNULL = YES;
				CLANG_ANALYZER_NUMBER_OBJECT_CONVERSION = YES_AGGRESSIVE;
				CLANG_CXX_LANGUAGE_STANDARD = "gnu++14";
				CLANG_CXX_LIBRARY = "libc++";
				CLANG_ENABLE_MODULES = YES;
				CLANG_ENABLE_OBJC_ARC = YES;
				CLANG_ENABLE_OBJC_WEAK = YES;
				CLANG_WARN_BLOCK_CAPTURE_AUTORELEASING = YES;
				CLANG_WARN_BOOL_CONVERSION = YES;
				CLANG_WARN_COMMA = YES;
				CLANG_WARN_CONSTANT_CONVERSION = YES;
				CLANG_WARN_DEPRECATED_OBJC_IMPLEMENTATIONS = YES;
				CLANG_WARN_DIRECT_OBJC_ISA_USAGE = YES_ERROR;
				CLANG_WARN_DOCUMENTATION_COMMENTS = YES;
				CLANG_WARN_EMPTY_BODY = YES;
				CLANG_WARN_ENUM_CONVERSION = YES;
				CLANG_WARN_INFINITE_RECURSION = YES;
				CLANG_WARN_INT_CONVERSION = YES;
				CLANG_WARN_NON_LITERAL_NULL_CONVERSION = YES;
				CLANG_WARN_OBJC_IMPLICIT_RETAIN_SELF = YES;
				CLANG_WARN_OBJC_LITERAL_CONVERSION = YES;
				CLANG_WARN_OBJC_ROOT_CLASS = YES_ERROR;
				CLANG_WARN_RANGE_LOOP_ANALYSIS = YES;
				CLANG_WARN_STRICT_PROTOTYPES = YES;
				CLANG_WARN_SUSPICIOUS_MOVE = YES;
				CLANG_WARN_UNGUARDED_AVAILABILITY = YES_AGGRESSIVE;
				CLANG_WARN_UNREACHABLE_CODE = YES;
				CLANG_WARN__DUPLICATE_METHOD_MATCH = YES;
				COPY_PHASE_STRIP = NO;
				DEBUG_INFORMATION_FORMAT = dwarf;
				ENABLE_STRICT_OBJC_MSGSEND = YES;
				ENABLE_TESTABILITY = YES;
				GCC_C_LANGUAGE_STANDARD = gnu11;
				GCC_DYNAMIC_NO_PIC = NO;
				GCC_NO_COMMON_BLOCKS = YES;
				GCC_OPTIMIZATION_LEVEL = 0;
				GCC_PREPROCESSOR_DEFINITIONS = (
					"DEBUG=1",
					"$(inherited)",
				);
				GCC_WARN_64_TO_32_BIT_CONVERSION = YES;
				GCC_WARN_ABOUT_RETURN_TYPE = YES_ERROR;
				GCC_WARN_UNDECLARED_SELECTOR = YES;
				GCC_WARN_UNINITIALIZED_AUTOS = YES_AGGRESSIVE;
				GCC_WARN_UNUSED_FUNCTION = YES;
				GCC_WARN_UNUSED_VARIABLE = YES;
				IPHONEOS_DEPLOYMENT_TARGET = 13.0;
				MTL_ENABLE_DEBUG_INFO = INCLUDE_SOURCE;
				MTL_FAST_MATH = YES;
				ONLY_ACTIVE_ARCH = YES;
				SDKROOT = iphoneos;
				SWIFT_ACTIVE_COMPILATION_CONDITIONS = DEBUG;
				SWIFT_OPTIMIZATION_LEVEL = "-Onone";
			};
			name = Debug;
		};
		60B809C7235025A1006F815F /* Release */ = {
			isa = XCBuildConfiguration;
			buildSettings = {
				ALWAYS_SEARCH_USER_PATHS = NO;
				CLANG_ANALYZER_NONNULL = YES;
				CLANG_ANALYZER_NUMBER_OBJECT_CONVERSION = YES_AGGRESSIVE;
				CLANG_CXX_LANGUAGE_STANDARD = "gnu++14";
				CLANG_CXX_LIBRARY = "libc++";
				CLANG_ENABLE_MODULES = YES;
				CLANG_ENABLE_OBJC_ARC = YES;
				CLANG_ENABLE_OBJC_WEAK = YES;
				CLANG_WARN_BLOCK_CAPTURE_AUTORELEASING = YES;
				CLANG_WARN_BOOL_CONVERSION = YES;
				CLANG_WARN_COMMA = YES;
				CLANG_WARN_CONSTANT_CONVERSION = YES;
				CLANG_WARN_DEPRECATED_OBJC_IMPLEMENTATIONS = YES;
				CLANG_WARN_DIRECT_OBJC_ISA_USAGE = YES_ERROR;
				CLANG_WARN_DOCUMENTATION_COMMENTS = YES;
				CLANG_WARN_EMPTY_BODY = YES;
				CLANG_WARN_ENUM_CONVERSION = YES;
				CLANG_WARN_INFINITE_RECURSION = YES;
				CLANG_WARN_INT_CONVERSION = YES;
				CLANG_WARN_NON_LITERAL_NULL_CONVERSION = YES;
				CLANG_WARN_OBJC_IMPLICIT_RETAIN_SELF = YES;
				CLANG_WARN_OBJC_LITERAL_CONVERSION = YES;
				CLANG_WARN_OBJC_ROOT_CLASS = YES_ERROR;
				CLANG_WARN_RANGE_LOOP_ANALYSIS = YES;
				CLANG_WARN_STRICT_PROTOTYPES = YES;
				CLANG_WARN_SUSPICIOUS_MOVE = YES;
				CLANG_WARN_UNGUARDED_AVAILABILITY = YES_AGGRESSIVE;
				CLANG_WARN_UNREACHABLE_CODE = YES;
				CLANG_WARN__DUPLICATE_METHOD_MATCH = YES;
				COPY_PHASE_STRIP = NO;
				DEBUG_INFORMATION_FORMAT = "dwarf-with-dsym";
				ENABLE_NS_ASSERTIONS = NO;
				ENABLE_STRICT_OBJC_MSGSEND = YES;
				GCC_C_LANGUAGE_STANDARD = gnu11;
				GCC_NO_COMMON_BLOCKS = YES;
				GCC_WARN_64_TO_32_BIT_CONVERSION = YES;
				GCC_WARN_ABOUT_RETURN_TYPE = YES_ERROR;
				GCC_WARN_UNDECLARED_SELECTOR = YES;
				GCC_WARN_UNINITIALIZED_AUTOS = YES_AGGRESSIVE;
				GCC_WARN_UNUSED_FUNCTION = YES;
				GCC_WARN_UNUSED_VARIABLE = YES;
				IPHONEOS_DEPLOYMENT_TARGET = 13.0;
				MTL_ENABLE_DEBUG_INFO = NO;
				MTL_FAST_MATH = YES;
				SDKROOT = iphoneos;
				SWIFT_COMPILATION_MODE = wholemodule;
				SWIFT_OPTIMIZATION_LEVEL = "-O";
				VALIDATE_PRODUCT = YES;
			};
			name = Release;
		};
		60B809C9235025A1006F815F /* Debug */ = {
			isa = XCBuildConfiguration;
			buildSettings = {
				ASSETCATALOG_COMPILER_APPICON_NAME = AppIcon;
				CODE_SIGN_STYLE = Automatic;
				INFOPLIST_FILE = "Note Taking/Info.plist";
				LD_RUNPATH_SEARCH_PATHS = (
					"$(inherited)",
					"@executable_path/Frameworks",
				);
				PRODUCT_BUNDLE_IDENTIFIER = "com.truc.Note-Taking";
				PRODUCT_NAME = "$(TARGET_NAME)";
				SWIFT_VERSION = 5.0;
				TARGETED_DEVICE_FAMILY = "1,2";
			};
			name = Debug;
		};
		60B809CA235025A1006F815F /* Release */ = {
			isa = XCBuildConfiguration;
			buildSettings = {
				ASSETCATALOG_COMPILER_APPICON_NAME = AppIcon;
				CODE_SIGN_STYLE = Automatic;
				INFOPLIST_FILE = "Note Taking/Info.plist";
				LD_RUNPATH_SEARCH_PATHS = (
					"$(inherited)",
					"@executable_path/Frameworks",
				);
				PRODUCT_BUNDLE_IDENTIFIER = "com.truc.Note-Taking";
				PRODUCT_NAME = "$(TARGET_NAME)";
				SWIFT_VERSION = 5.0;
				TARGETED_DEVICE_FAMILY = "1,2";
			};
			name = Release;
		};
/* End XCBuildConfiguration section */

/* Begin XCConfigurationList section */
		60B809AF2350259F006F815F /* Build configuration list for PBXProject "Note Taking" */ = {
			isa = XCConfigurationList;
			buildConfigurations = (
				60B809C6235025A1006F815F /* Debug */,
				60B809C7235025A1006F815F /* Release */,
			);
			defaultConfigurationIsVisible = 0;
			defaultConfigurationName = Release;
		};
		60B809C8235025A1006F815F /* Build configuration list for PBXNativeTarget "Note Taking" */ = {
			isa = XCConfigurationList;
			buildConfigurations = (
				60B809C9235025A1006F815F /* Debug */,
				60B809CA235025A1006F815F /* Release */,
			);
			defaultConfigurationIsVisible = 0;
			defaultConfigurationName = Release;
		};
/* End XCConfigurationList section */
	};
	rootObject = 60B809AC2350259F006F815F /* Project object */;
}
